
Microsoft Visual Studio Solution File, Format Version 12.00
# Visual Studio Version 17
VisualStudioVersion = 17.1.31911.260
MinimumVisualStudioVersion = 10.0.40219.1
Project("{2150E333-8FDC-42A3-9474-1A3956D46DE8}") = "Platforms", "Platforms", "{22090651-387D-4E47-BF87-4B854DCE5DB1}"
EndProject
Project("{9A19103F-16F7-4668-BE54-9A1E7A4F7556}") = "SharedModels", "SharedModels\SharedModels.csproj", "{E932D814-0FF5-43F1-AD4B-258567DE6160}"
EndProject
Project("{9A19103F-16F7-4668-BE54-9A1E7A4F7556}") = "OpusDotNet", "OpusDotNet\OpusDotNet.csproj", "{45B6A46A-241E-40BA-9094-FD6477B7A4C7}"
EndProject
Project("{9A19103F-16F7-4668-BE54-9A1E7A4F7556}") = "RhuEngine", "RhuEngine\RhuEngine.csproj", "{BA137C65-0C37-4BAE-A892-437C0A24DF63}"
EndProject
Project("{9A19103F-16F7-4668-BE54-9A1E7A4F7556}") = "RhuEngineTests", "RhuEngineTests\RhuEngineTests.csproj", "{2EF7DC97-9E3E-47FD-8F2D-A44977CC9485}"
EndProject
Project("{2150E333-8FDC-42A3-9474-1A3956D46DE8}") = "Other", "Other", "{0CECEEEE-3BDA-4123-9510-99BA1B1D55F6}"
	ProjectSection(SolutionItems) = preProject
		.editorconfig = .editorconfig
		.gitignore = .gitignore
		.github\workflows\BuildAndRunTests.yml = .github\workflows\BuildAndRunTests.yml
		LICENSE = LICENSE
		README.md = README.md
	EndProjectSection
EndProject
Project("{2150E333-8FDC-42A3-9474-1A3956D46DE8}") = "Libs", "Libs", "{1C348BE5-DAE6-427E-8656-AFE4C04E71FE}"
EndProject
Project("{2150E333-8FDC-42A3-9474-1A3956D46DE8}") = "Tools", "Tools", "{0DB81108-8D98-46C4-9F2F-CE7F6E43CD80}"
EndProject
Project("{9A19103F-16F7-4668-BE54-9A1E7A4F7556}") = "RNumerics", "RNumerics\RNumerics.csproj", "{E7BBDEC3-7B24-4BB5-B2CB-A92DD30750A7}"
EndProject
Project("{9A19103F-16F7-4668-BE54-9A1E7A4F7556}") = "Rhubarb_VR_HeadLess", "Rhubarb_VR_HeadLess\Rhubarb_VR_HeadLess.csproj", "{0ACBBF31-3FFA-480A-8B97-D1EDB3B1070D}"
EndProject
Project("{9A19103F-16F7-4668-BE54-9A1E7A4F7556}") = "NullContext", "NullContext\NullContext.csproj", "{0C09F210-19E8-447B-9AA9-62543FF90324}"
EndProject
Project("{9A19103F-16F7-4668-BE54-9A1E7A4F7556}") = "RhuPostProcessor", "RhuPostProcessor\RhuPostProcessor.csproj", "{68AEBA8E-0939-41D3-81F7-2F024E125CAE}"
EndProject
Project("{9A19103F-16F7-4668-BE54-9A1E7A4F7556}") = "RhubarbPostProcessor", "RhubarbPostProcessor\RhubarbPostProcessor.csproj", "{A8C6E3F8-A509-448F-91F4-B66CE8DC77E0}"
EndProject
Project("{9A19103F-16F7-4668-BE54-9A1E7A4F7556}") = "RhubarbCloudClient", "RhubarbCloudClient\RhubarbCloudClient.csproj", "{86678D03-21C1-4CD2-BF19-F86127E02A96}"
EndProject
Project("{9A19103F-16F7-4668-BE54-9A1E7A4F7556}") = "RelayHolePuncher", "RelayHolePuncher\RelayHolePuncher.csproj", "{8EFBA311-909D-4034-ADCD-6A12ED13F040}"
EndProject
Project("{9A19103F-16F7-4668-BE54-9A1E7A4F7556}") = "HPRApplication", "HPRApplication\HPRApplication.csproj", "{399E99FD-C506-402C-9C7A-7B56A7439DB9}"
EndProject
Project("{9A19103F-16F7-4668-BE54-9A1E7A4F7556}") = "DataModel", "DataModel\DataModel.csproj", "{3EA28423-7FE2-4DEF-92C7-70C25E287C31}"
EndProject
Project("{9A19103F-16F7-4668-BE54-9A1E7A4F7556}") = "DataNodeReader", "DataNodeReader\DataNodeReader.csproj", "{23695E97-042B-4598-B4C5-D718F119DD92}"
EndProject
Project("{2150E333-8FDC-42A3-9474-1A3956D46DE8}") = "Networking", "Networking", "{AC8E8AD2-11E0-45B9-83C0-92EA01B8C35D}"
EndProject
Project("{2150E333-8FDC-42A3-9474-1A3956D46DE8}") = "Testing", "Testing", "{1A6B5F9A-EEFA-4E81-B2AC-062094930C71}"
EndProject
Project("{9A19103F-16F7-4668-BE54-9A1E7A4F7556}") = "RhubarbVRApplication", "RhubarbVR\RhubarbVRApplication.csproj", "{56E195EA-2BC2-4011-87EC-8CB71A1B0667}"
EndProject
Project("{9A19103F-16F7-4668-BE54-9A1E7A4F7556}") = "RhubarbVR_Desktop", "Platforms\Desktop\RhubarbVR_Desktop.csproj", "{2FC8CD4C-E523-4CC8-A52E-AF48F000384A}"
EndProject
Project("{9A19103F-16F7-4668-BE54-9A1E7A4F7556}") = "RhubarbVR_Android", "Platforms\Android\RhubarbVR_Android.csproj", "{CDDAAA11-B7C3-485C-B94D-5BEFC054F002}"
EndProject
Global
	GlobalSection(SolutionConfigurationPlatforms) = preSolution
		Debug|Any CPU = Debug|Any CPU
		Debug|ARM = Debug|ARM
		Debug|ARM64 = Debug|ARM64
		Debug|x64 = Debug|x64
		Debug|x86 = Debug|x86
		ExportDebug|Any CPU = ExportDebug|Any CPU
		ExportDebug|ARM = ExportDebug|ARM
		ExportDebug|ARM64 = ExportDebug|ARM64
		ExportDebug|x64 = ExportDebug|x64
		ExportDebug|x86 = ExportDebug|x86
		ExportRelease|Any CPU = ExportRelease|Any CPU
		ExportRelease|ARM = ExportRelease|ARM
		ExportRelease|ARM64 = ExportRelease|ARM64
		ExportRelease|x64 = ExportRelease|x64
		ExportRelease|x86 = ExportRelease|x86
		Release|Any CPU = Release|Any CPU
		Release|ARM = Release|ARM
		Release|ARM64 = Release|ARM64
		Release|x64 = Release|x64
		Release|x86 = Release|x86
	EndGlobalSection
	GlobalSection(ProjectConfigurationPlatforms) = postSolution
		{E932D814-0FF5-43F1-AD4B-258567DE6160}.Debug|Any CPU.ActiveCfg = Debug|Any CPU
		{E932D814-0FF5-43F1-AD4B-258567DE6160}.Debug|Any CPU.Build.0 = Debug|Any CPU
		{E932D814-0FF5-43F1-AD4B-258567DE6160}.Debug|ARM.ActiveCfg = Debug|Any CPU
		{E932D814-0FF5-43F1-AD4B-258567DE6160}.Debug|ARM.Build.0 = Debug|Any CPU
		{E932D814-0FF5-43F1-AD4B-258567DE6160}.Debug|ARM64.ActiveCfg = Debug|Any CPU
		{E932D814-0FF5-43F1-AD4B-258567DE6160}.Debug|ARM64.Build.0 = Debug|Any CPU
		{E932D814-0FF5-43F1-AD4B-258567DE6160}.Debug|x64.ActiveCfg = Debug|Any CPU
		{E932D814-0FF5-43F1-AD4B-258567DE6160}.Debug|x64.Build.0 = Debug|Any CPU
		{E932D814-0FF5-43F1-AD4B-258567DE6160}.Debug|x86.ActiveCfg = Debug|Any CPU
		{E932D814-0FF5-43F1-AD4B-258567DE6160}.Debug|x86.Build.0 = Debug|Any CPU
		{E932D814-0FF5-43F1-AD4B-258567DE6160}.ExportDebug|Any CPU.ActiveCfg = Debug|Any CPU
		{E932D814-0FF5-43F1-AD4B-258567DE6160}.ExportDebug|Any CPU.Build.0 = Debug|Any CPU
		{E932D814-0FF5-43F1-AD4B-258567DE6160}.ExportDebug|ARM.ActiveCfg = Debug|Any CPU
		{E932D814-0FF5-43F1-AD4B-258567DE6160}.ExportDebug|ARM.Build.0 = Debug|Any CPU
		{E932D814-0FF5-43F1-AD4B-258567DE6160}.ExportDebug|ARM64.ActiveCfg = Debug|Any CPU
		{E932D814-0FF5-43F1-AD4B-258567DE6160}.ExportDebug|ARM64.Build.0 = Debug|Any CPU
		{E932D814-0FF5-43F1-AD4B-258567DE6160}.ExportDebug|x64.ActiveCfg = Debug|Any CPU
		{E932D814-0FF5-43F1-AD4B-258567DE6160}.ExportDebug|x64.Build.0 = Debug|Any CPU
		{E932D814-0FF5-43F1-AD4B-258567DE6160}.ExportDebug|x86.ActiveCfg = Debug|Any CPU
		{E932D814-0FF5-43F1-AD4B-258567DE6160}.ExportDebug|x86.Build.0 = Debug|Any CPU
		{E932D814-0FF5-43F1-AD4B-258567DE6160}.ExportRelease|Any CPU.ActiveCfg = Release|Any CPU
		{E932D814-0FF5-43F1-AD4B-258567DE6160}.ExportRelease|Any CPU.Build.0 = Release|Any CPU
		{E932D814-0FF5-43F1-AD4B-258567DE6160}.ExportRelease|ARM.ActiveCfg = Release|Any CPU
		{E932D814-0FF5-43F1-AD4B-258567DE6160}.ExportRelease|ARM.Build.0 = Release|Any CPU
		{E932D814-0FF5-43F1-AD4B-258567DE6160}.ExportRelease|ARM64.ActiveCfg = Release|Any CPU
		{E932D814-0FF5-43F1-AD4B-258567DE6160}.ExportRelease|ARM64.Build.0 = Release|Any CPU
		{E932D814-0FF5-43F1-AD4B-258567DE6160}.ExportRelease|x64.ActiveCfg = Release|Any CPU
		{E932D814-0FF5-43F1-AD4B-258567DE6160}.ExportRelease|x64.Build.0 = Release|Any CPU
		{E932D814-0FF5-43F1-AD4B-258567DE6160}.ExportRelease|x86.ActiveCfg = Release|Any CPU
		{E932D814-0FF5-43F1-AD4B-258567DE6160}.ExportRelease|x86.Build.0 = Release|Any CPU
		{E932D814-0FF5-43F1-AD4B-258567DE6160}.Release|Any CPU.ActiveCfg = Release|Any CPU
		{E932D814-0FF5-43F1-AD4B-258567DE6160}.Release|Any CPU.Build.0 = Release|Any CPU
		{E932D814-0FF5-43F1-AD4B-258567DE6160}.Release|ARM.ActiveCfg = Release|Any CPU
		{E932D814-0FF5-43F1-AD4B-258567DE6160}.Release|ARM.Build.0 = Release|Any CPU
		{E932D814-0FF5-43F1-AD4B-258567DE6160}.Release|ARM64.ActiveCfg = Release|Any CPU
		{E932D814-0FF5-43F1-AD4B-258567DE6160}.Release|ARM64.Build.0 = Release|Any CPU
		{E932D814-0FF5-43F1-AD4B-258567DE6160}.Release|x64.ActiveCfg = Release|Any CPU
		{E932D814-0FF5-43F1-AD4B-258567DE6160}.Release|x64.Build.0 = Release|Any CPU
		{E932D814-0FF5-43F1-AD4B-258567DE6160}.Release|x86.ActiveCfg = Release|Any CPU
		{E932D814-0FF5-43F1-AD4B-258567DE6160}.Release|x86.Build.0 = Release|Any CPU
		{45B6A46A-241E-40BA-9094-FD6477B7A4C7}.Debug|Any CPU.ActiveCfg = Debug|Any CPU
		{45B6A46A-241E-40BA-9094-FD6477B7A4C7}.Debug|Any CPU.Build.0 = Debug|Any CPU
		{45B6A46A-241E-40BA-9094-FD6477B7A4C7}.Debug|ARM.ActiveCfg = Debug|Any CPU
		{45B6A46A-241E-40BA-9094-FD6477B7A4C7}.Debug|ARM.Build.0 = Debug|Any CPU
		{45B6A46A-241E-40BA-9094-FD6477B7A4C7}.Debug|ARM64.ActiveCfg = Debug|Any CPU
		{45B6A46A-241E-40BA-9094-FD6477B7A4C7}.Debug|ARM64.Build.0 = Debug|Any CPU
		{45B6A46A-241E-40BA-9094-FD6477B7A4C7}.Debug|x64.ActiveCfg = Debug|Any CPU
		{45B6A46A-241E-40BA-9094-FD6477B7A4C7}.Debug|x64.Build.0 = Debug|Any CPU
		{45B6A46A-241E-40BA-9094-FD6477B7A4C7}.Debug|x86.ActiveCfg = Debug|Any CPU
		{45B6A46A-241E-40BA-9094-FD6477B7A4C7}.Debug|x86.Build.0 = Debug|Any CPU
		{45B6A46A-241E-40BA-9094-FD6477B7A4C7}.ExportDebug|Any CPU.ActiveCfg = Debug|Any CPU
		{45B6A46A-241E-40BA-9094-FD6477B7A4C7}.ExportDebug|Any CPU.Build.0 = Debug|Any CPU
		{45B6A46A-241E-40BA-9094-FD6477B7A4C7}.ExportDebug|ARM.ActiveCfg = Debug|Any CPU
		{45B6A46A-241E-40BA-9094-FD6477B7A4C7}.ExportDebug|ARM.Build.0 = Debug|Any CPU
		{45B6A46A-241E-40BA-9094-FD6477B7A4C7}.ExportDebug|ARM64.ActiveCfg = Debug|Any CPU
		{45B6A46A-241E-40BA-9094-FD6477B7A4C7}.ExportDebug|ARM64.Build.0 = Debug|Any CPU
		{45B6A46A-241E-40BA-9094-FD6477B7A4C7}.ExportDebug|x64.ActiveCfg = Debug|Any CPU
		{45B6A46A-241E-40BA-9094-FD6477B7A4C7}.ExportDebug|x64.Build.0 = Debug|Any CPU
		{45B6A46A-241E-40BA-9094-FD6477B7A4C7}.ExportDebug|x86.ActiveCfg = Debug|Any CPU
		{45B6A46A-241E-40BA-9094-FD6477B7A4C7}.ExportDebug|x86.Build.0 = Debug|Any CPU
		{45B6A46A-241E-40BA-9094-FD6477B7A4C7}.ExportRelease|Any CPU.ActiveCfg = Release|Any CPU
		{45B6A46A-241E-40BA-9094-FD6477B7A4C7}.ExportRelease|Any CPU.Build.0 = Release|Any CPU
		{45B6A46A-241E-40BA-9094-FD6477B7A4C7}.ExportRelease|ARM.ActiveCfg = Release|Any CPU
		{45B6A46A-241E-40BA-9094-FD6477B7A4C7}.ExportRelease|ARM.Build.0 = Release|Any CPU
		{45B6A46A-241E-40BA-9094-FD6477B7A4C7}.ExportRelease|ARM64.ActiveCfg = Release|Any CPU
		{45B6A46A-241E-40BA-9094-FD6477B7A4C7}.ExportRelease|ARM64.Build.0 = Release|Any CPU
		{45B6A46A-241E-40BA-9094-FD6477B7A4C7}.ExportRelease|x64.ActiveCfg = Release|Any CPU
		{45B6A46A-241E-40BA-9094-FD6477B7A4C7}.ExportRelease|x64.Build.0 = Release|Any CPU
		{45B6A46A-241E-40BA-9094-FD6477B7A4C7}.ExportRelease|x86.ActiveCfg = Release|Any CPU
		{45B6A46A-241E-40BA-9094-FD6477B7A4C7}.ExportRelease|x86.Build.0 = Release|Any CPU
		{45B6A46A-241E-40BA-9094-FD6477B7A4C7}.Release|Any CPU.ActiveCfg = Release|Any CPU
		{45B6A46A-241E-40BA-9094-FD6477B7A4C7}.Release|Any CPU.Build.0 = Release|Any CPU
		{45B6A46A-241E-40BA-9094-FD6477B7A4C7}.Release|ARM.ActiveCfg = Release|Any CPU
		{45B6A46A-241E-40BA-9094-FD6477B7A4C7}.Release|ARM.Build.0 = Release|Any CPU
		{45B6A46A-241E-40BA-9094-FD6477B7A4C7}.Release|ARM64.ActiveCfg = Release|Any CPU
		{45B6A46A-241E-40BA-9094-FD6477B7A4C7}.Release|ARM64.Build.0 = Release|Any CPU
		{45B6A46A-241E-40BA-9094-FD6477B7A4C7}.Release|x64.ActiveCfg = Release|Any CPU
		{45B6A46A-241E-40BA-9094-FD6477B7A4C7}.Release|x64.Build.0 = Release|Any CPU
		{45B6A46A-241E-40BA-9094-FD6477B7A4C7}.Release|x86.ActiveCfg = Release|Any CPU
		{45B6A46A-241E-40BA-9094-FD6477B7A4C7}.Release|x86.Build.0 = Release|Any CPU
		{BA137C65-0C37-4BAE-A892-437C0A24DF63}.Debug|Any CPU.ActiveCfg = Debug|Any CPU
		{BA137C65-0C37-4BAE-A892-437C0A24DF63}.Debug|Any CPU.Build.0 = Debug|Any CPU
		{BA137C65-0C37-4BAE-A892-437C0A24DF63}.Debug|ARM.ActiveCfg = Debug|Any CPU
		{BA137C65-0C37-4BAE-A892-437C0A24DF63}.Debug|ARM.Build.0 = Debug|Any CPU
		{BA137C65-0C37-4BAE-A892-437C0A24DF63}.Debug|ARM64.ActiveCfg = Debug|Any CPU
		{BA137C65-0C37-4BAE-A892-437C0A24DF63}.Debug|ARM64.Build.0 = Debug|Any CPU
		{BA137C65-0C37-4BAE-A892-437C0A24DF63}.Debug|x64.ActiveCfg = Debug|Any CPU
		{BA137C65-0C37-4BAE-A892-437C0A24DF63}.Debug|x64.Build.0 = Debug|Any CPU
		{BA137C65-0C37-4BAE-A892-437C0A24DF63}.Debug|x86.ActiveCfg = Debug|Any CPU
		{BA137C65-0C37-4BAE-A892-437C0A24DF63}.Debug|x86.Build.0 = Debug|Any CPU
		{BA137C65-0C37-4BAE-A892-437C0A24DF63}.ExportDebug|Any CPU.ActiveCfg = Debug|Any CPU
		{BA137C65-0C37-4BAE-A892-437C0A24DF63}.ExportDebug|Any CPU.Build.0 = Debug|Any CPU
		{BA137C65-0C37-4BAE-A892-437C0A24DF63}.ExportDebug|ARM.ActiveCfg = Debug|Any CPU
		{BA137C65-0C37-4BAE-A892-437C0A24DF63}.ExportDebug|ARM.Build.0 = Debug|Any CPU
		{BA137C65-0C37-4BAE-A892-437C0A24DF63}.ExportDebug|ARM64.ActiveCfg = Debug|Any CPU
		{BA137C65-0C37-4BAE-A892-437C0A24DF63}.ExportDebug|ARM64.Build.0 = Debug|Any CPU
		{BA137C65-0C37-4BAE-A892-437C0A24DF63}.ExportDebug|x64.ActiveCfg = Debug|Any CPU
		{BA137C65-0C37-4BAE-A892-437C0A24DF63}.ExportDebug|x64.Build.0 = Debug|Any CPU
		{BA137C65-0C37-4BAE-A892-437C0A24DF63}.ExportDebug|x86.ActiveCfg = Debug|Any CPU
		{BA137C65-0C37-4BAE-A892-437C0A24DF63}.ExportDebug|x86.Build.0 = Debug|Any CPU
		{BA137C65-0C37-4BAE-A892-437C0A24DF63}.ExportRelease|Any CPU.ActiveCfg = Release|Any CPU
		{BA137C65-0C37-4BAE-A892-437C0A24DF63}.ExportRelease|Any CPU.Build.0 = Release|Any CPU
		{BA137C65-0C37-4BAE-A892-437C0A24DF63}.ExportRelease|ARM.ActiveCfg = Release|Any CPU
		{BA137C65-0C37-4BAE-A892-437C0A24DF63}.ExportRelease|ARM.Build.0 = Release|Any CPU
		{BA137C65-0C37-4BAE-A892-437C0A24DF63}.ExportRelease|ARM64.ActiveCfg = Release|Any CPU
		{BA137C65-0C37-4BAE-A892-437C0A24DF63}.ExportRelease|ARM64.Build.0 = Release|Any CPU
		{BA137C65-0C37-4BAE-A892-437C0A24DF63}.ExportRelease|x64.ActiveCfg = Release|Any CPU
		{BA137C65-0C37-4BAE-A892-437C0A24DF63}.ExportRelease|x64.Build.0 = Release|Any CPU
		{BA137C65-0C37-4BAE-A892-437C0A24DF63}.ExportRelease|x86.ActiveCfg = Release|Any CPU
		{BA137C65-0C37-4BAE-A892-437C0A24DF63}.ExportRelease|x86.Build.0 = Release|Any CPU
		{BA137C65-0C37-4BAE-A892-437C0A24DF63}.Release|Any CPU.ActiveCfg = Release|Any CPU
		{BA137C65-0C37-4BAE-A892-437C0A24DF63}.Release|Any CPU.Build.0 = Release|Any CPU
		{BA137C65-0C37-4BAE-A892-437C0A24DF63}.Release|ARM.ActiveCfg = Release|Any CPU
		{BA137C65-0C37-4BAE-A892-437C0A24DF63}.Release|ARM.Build.0 = Release|Any CPU
		{BA137C65-0C37-4BAE-A892-437C0A24DF63}.Release|ARM64.ActiveCfg = Release|Any CPU
		{BA137C65-0C37-4BAE-A892-437C0A24DF63}.Release|ARM64.Build.0 = Release|Any CPU
		{BA137C65-0C37-4BAE-A892-437C0A24DF63}.Release|x64.ActiveCfg = Release|Any CPU
		{BA137C65-0C37-4BAE-A892-437C0A24DF63}.Release|x64.Build.0 = Release|Any CPU
		{BA137C65-0C37-4BAE-A892-437C0A24DF63}.Release|x86.ActiveCfg = Release|Any CPU
		{BA137C65-0C37-4BAE-A892-437C0A24DF63}.Release|x86.Build.0 = Release|Any CPU
		{2EF7DC97-9E3E-47FD-8F2D-A44977CC9485}.Debug|Any CPU.ActiveCfg = Debug|Any CPU
		{2EF7DC97-9E3E-47FD-8F2D-A44977CC9485}.Debug|Any CPU.Build.0 = Debug|Any CPU
		{2EF7DC97-9E3E-47FD-8F2D-A44977CC9485}.Debug|ARM.ActiveCfg = Debug|Any CPU
		{2EF7DC97-9E3E-47FD-8F2D-A44977CC9485}.Debug|ARM.Build.0 = Debug|Any CPU
		{2EF7DC97-9E3E-47FD-8F2D-A44977CC9485}.Debug|ARM64.ActiveCfg = Debug|Any CPU
		{2EF7DC97-9E3E-47FD-8F2D-A44977CC9485}.Debug|ARM64.Build.0 = Debug|Any CPU
		{2EF7DC97-9E3E-47FD-8F2D-A44977CC9485}.Debug|x64.ActiveCfg = Debug|Any CPU
		{2EF7DC97-9E3E-47FD-8F2D-A44977CC9485}.Debug|x64.Build.0 = Debug|Any CPU
		{2EF7DC97-9E3E-47FD-8F2D-A44977CC9485}.Debug|x86.ActiveCfg = Debug|Any CPU
		{2EF7DC97-9E3E-47FD-8F2D-A44977CC9485}.Debug|x86.Build.0 = Debug|Any CPU
		{2EF7DC97-9E3E-47FD-8F2D-A44977CC9485}.ExportDebug|Any CPU.ActiveCfg = Debug|Any CPU
		{2EF7DC97-9E3E-47FD-8F2D-A44977CC9485}.ExportDebug|Any CPU.Build.0 = Debug|Any CPU
		{2EF7DC97-9E3E-47FD-8F2D-A44977CC9485}.ExportDebug|ARM.ActiveCfg = Debug|Any CPU
		{2EF7DC97-9E3E-47FD-8F2D-A44977CC9485}.ExportDebug|ARM.Build.0 = Debug|Any CPU
		{2EF7DC97-9E3E-47FD-8F2D-A44977CC9485}.ExportDebug|ARM64.ActiveCfg = Debug|Any CPU
		{2EF7DC97-9E3E-47FD-8F2D-A44977CC9485}.ExportDebug|ARM64.Build.0 = Debug|Any CPU
		{2EF7DC97-9E3E-47FD-8F2D-A44977CC9485}.ExportDebug|x64.ActiveCfg = Debug|Any CPU
		{2EF7DC97-9E3E-47FD-8F2D-A44977CC9485}.ExportDebug|x64.Build.0 = Debug|Any CPU
		{2EF7DC97-9E3E-47FD-8F2D-A44977CC9485}.ExportDebug|x86.ActiveCfg = Debug|Any CPU
		{2EF7DC97-9E3E-47FD-8F2D-A44977CC9485}.ExportDebug|x86.Build.0 = Debug|Any CPU
		{2EF7DC97-9E3E-47FD-8F2D-A44977CC9485}.ExportRelease|Any CPU.ActiveCfg = Release|Any CPU
		{2EF7DC97-9E3E-47FD-8F2D-A44977CC9485}.ExportRelease|Any CPU.Build.0 = Release|Any CPU
		{2EF7DC97-9E3E-47FD-8F2D-A44977CC9485}.ExportRelease|ARM.ActiveCfg = Release|Any CPU
		{2EF7DC97-9E3E-47FD-8F2D-A44977CC9485}.ExportRelease|ARM.Build.0 = Release|Any CPU
		{2EF7DC97-9E3E-47FD-8F2D-A44977CC9485}.ExportRelease|ARM64.ActiveCfg = Release|Any CPU
		{2EF7DC97-9E3E-47FD-8F2D-A44977CC9485}.ExportRelease|ARM64.Build.0 = Release|Any CPU
		{2EF7DC97-9E3E-47FD-8F2D-A44977CC9485}.ExportRelease|x64.ActiveCfg = Release|Any CPU
		{2EF7DC97-9E3E-47FD-8F2D-A44977CC9485}.ExportRelease|x64.Build.0 = Release|Any CPU
		{2EF7DC97-9E3E-47FD-8F2D-A44977CC9485}.ExportRelease|x86.ActiveCfg = Release|Any CPU
		{2EF7DC97-9E3E-47FD-8F2D-A44977CC9485}.ExportRelease|x86.Build.0 = Release|Any CPU
		{2EF7DC97-9E3E-47FD-8F2D-A44977CC9485}.Release|Any CPU.ActiveCfg = Release|Any CPU
		{2EF7DC97-9E3E-47FD-8F2D-A44977CC9485}.Release|Any CPU.Build.0 = Release|Any CPU
		{2EF7DC97-9E3E-47FD-8F2D-A44977CC9485}.Release|ARM.ActiveCfg = Release|Any CPU
		{2EF7DC97-9E3E-47FD-8F2D-A44977CC9485}.Release|ARM.Build.0 = Release|Any CPU
		{2EF7DC97-9E3E-47FD-8F2D-A44977CC9485}.Release|ARM64.ActiveCfg = Release|Any CPU
		{2EF7DC97-9E3E-47FD-8F2D-A44977CC9485}.Release|ARM64.Build.0 = Release|Any CPU
		{2EF7DC97-9E3E-47FD-8F2D-A44977CC9485}.Release|x64.ActiveCfg = Release|Any CPU
		{2EF7DC97-9E3E-47FD-8F2D-A44977CC9485}.Release|x64.Build.0 = Release|Any CPU
		{2EF7DC97-9E3E-47FD-8F2D-A44977CC9485}.Release|x86.ActiveCfg = Release|Any CPU
		{2EF7DC97-9E3E-47FD-8F2D-A44977CC9485}.Release|x86.Build.0 = Release|Any CPU
		{E7BBDEC3-7B24-4BB5-B2CB-A92DD30750A7}.Debug|Any CPU.ActiveCfg = Debug|Any CPU
		{E7BBDEC3-7B24-4BB5-B2CB-A92DD30750A7}.Debug|Any CPU.Build.0 = Debug|Any CPU
		{E7BBDEC3-7B24-4BB5-B2CB-A92DD30750A7}.Debug|ARM.ActiveCfg = Debug|Any CPU
		{E7BBDEC3-7B24-4BB5-B2CB-A92DD30750A7}.Debug|ARM.Build.0 = Debug|Any CPU
		{E7BBDEC3-7B24-4BB5-B2CB-A92DD30750A7}.Debug|ARM64.ActiveCfg = Debug|Any CPU
		{E7BBDEC3-7B24-4BB5-B2CB-A92DD30750A7}.Debug|ARM64.Build.0 = Debug|Any CPU
		{E7BBDEC3-7B24-4BB5-B2CB-A92DD30750A7}.Debug|x64.ActiveCfg = Debug|Any CPU
		{E7BBDEC3-7B24-4BB5-B2CB-A92DD30750A7}.Debug|x64.Build.0 = Debug|Any CPU
		{E7BBDEC3-7B24-4BB5-B2CB-A92DD30750A7}.Debug|x86.ActiveCfg = Debug|Any CPU
		{E7BBDEC3-7B24-4BB5-B2CB-A92DD30750A7}.Debug|x86.Build.0 = Debug|Any CPU
		{E7BBDEC3-7B24-4BB5-B2CB-A92DD30750A7}.ExportDebug|Any CPU.ActiveCfg = Debug|Any CPU
		{E7BBDEC3-7B24-4BB5-B2CB-A92DD30750A7}.ExportDebug|Any CPU.Build.0 = Debug|Any CPU
		{E7BBDEC3-7B24-4BB5-B2CB-A92DD30750A7}.ExportDebug|ARM.ActiveCfg = Debug|Any CPU
		{E7BBDEC3-7B24-4BB5-B2CB-A92DD30750A7}.ExportDebug|ARM.Build.0 = Debug|Any CPU
		{E7BBDEC3-7B24-4BB5-B2CB-A92DD30750A7}.ExportDebug|ARM64.ActiveCfg = Debug|Any CPU
		{E7BBDEC3-7B24-4BB5-B2CB-A92DD30750A7}.ExportDebug|ARM64.Build.0 = Debug|Any CPU
		{E7BBDEC3-7B24-4BB5-B2CB-A92DD30750A7}.ExportDebug|x64.ActiveCfg = Debug|Any CPU
		{E7BBDEC3-7B24-4BB5-B2CB-A92DD30750A7}.ExportDebug|x64.Build.0 = Debug|Any CPU
		{E7BBDEC3-7B24-4BB5-B2CB-A92DD30750A7}.ExportDebug|x86.ActiveCfg = Debug|Any CPU
		{E7BBDEC3-7B24-4BB5-B2CB-A92DD30750A7}.ExportDebug|x86.Build.0 = Debug|Any CPU
		{E7BBDEC3-7B24-4BB5-B2CB-A92DD30750A7}.ExportRelease|Any CPU.ActiveCfg = Release|Any CPU
		{E7BBDEC3-7B24-4BB5-B2CB-A92DD30750A7}.ExportRelease|Any CPU.Build.0 = Release|Any CPU
		{E7BBDEC3-7B24-4BB5-B2CB-A92DD30750A7}.ExportRelease|ARM.ActiveCfg = Release|Any CPU
		{E7BBDEC3-7B24-4BB5-B2CB-A92DD30750A7}.ExportRelease|ARM.Build.0 = Release|Any CPU
		{E7BBDEC3-7B24-4BB5-B2CB-A92DD30750A7}.ExportRelease|ARM64.ActiveCfg = Release|Any CPU
		{E7BBDEC3-7B24-4BB5-B2CB-A92DD30750A7}.ExportRelease|ARM64.Build.0 = Release|Any CPU
		{E7BBDEC3-7B24-4BB5-B2CB-A92DD30750A7}.ExportRelease|x64.ActiveCfg = Release|Any CPU
		{E7BBDEC3-7B24-4BB5-B2CB-A92DD30750A7}.ExportRelease|x64.Build.0 = Release|Any CPU
		{E7BBDEC3-7B24-4BB5-B2CB-A92DD30750A7}.ExportRelease|x86.ActiveCfg = Release|Any CPU
		{E7BBDEC3-7B24-4BB5-B2CB-A92DD30750A7}.ExportRelease|x86.Build.0 = Release|Any CPU
		{E7BBDEC3-7B24-4BB5-B2CB-A92DD30750A7}.Release|Any CPU.ActiveCfg = Release|Any CPU
		{E7BBDEC3-7B24-4BB5-B2CB-A92DD30750A7}.Release|Any CPU.Build.0 = Release|Any CPU
		{E7BBDEC3-7B24-4BB5-B2CB-A92DD30750A7}.Release|ARM.ActiveCfg = Release|Any CPU
		{E7BBDEC3-7B24-4BB5-B2CB-A92DD30750A7}.Release|ARM.Build.0 = Release|Any CPU
		{E7BBDEC3-7B24-4BB5-B2CB-A92DD30750A7}.Release|ARM64.ActiveCfg = Release|Any CPU
		{E7BBDEC3-7B24-4BB5-B2CB-A92DD30750A7}.Release|ARM64.Build.0 = Release|Any CPU
		{E7BBDEC3-7B24-4BB5-B2CB-A92DD30750A7}.Release|x64.ActiveCfg = Release|Any CPU
		{E7BBDEC3-7B24-4BB5-B2CB-A92DD30750A7}.Release|x64.Build.0 = Release|Any CPU
		{E7BBDEC3-7B24-4BB5-B2CB-A92DD30750A7}.Release|x86.ActiveCfg = Release|Any CPU
		{E7BBDEC3-7B24-4BB5-B2CB-A92DD30750A7}.Release|x86.Build.0 = Release|Any CPU
		{0ACBBF31-3FFA-480A-8B97-D1EDB3B1070D}.Debug|Any CPU.ActiveCfg = Debug|Any CPU
		{0ACBBF31-3FFA-480A-8B97-D1EDB3B1070D}.Debug|Any CPU.Build.0 = Debug|Any CPU
		{0ACBBF31-3FFA-480A-8B97-D1EDB3B1070D}.Debug|ARM.ActiveCfg = Debug|Any CPU
		{0ACBBF31-3FFA-480A-8B97-D1EDB3B1070D}.Debug|ARM.Build.0 = Debug|Any CPU
		{0ACBBF31-3FFA-480A-8B97-D1EDB3B1070D}.Debug|ARM64.ActiveCfg = Debug|Any CPU
		{0ACBBF31-3FFA-480A-8B97-D1EDB3B1070D}.Debug|ARM64.Build.0 = Debug|Any CPU
		{0ACBBF31-3FFA-480A-8B97-D1EDB3B1070D}.Debug|x64.ActiveCfg = Debug|Any CPU
		{0ACBBF31-3FFA-480A-8B97-D1EDB3B1070D}.Debug|x64.Build.0 = Debug|Any CPU
		{0ACBBF31-3FFA-480A-8B97-D1EDB3B1070D}.Debug|x86.ActiveCfg = Debug|Any CPU
		{0ACBBF31-3FFA-480A-8B97-D1EDB3B1070D}.Debug|x86.Build.0 = Debug|Any CPU
		{0ACBBF31-3FFA-480A-8B97-D1EDB3B1070D}.ExportDebug|Any CPU.ActiveCfg = Debug|Any CPU
		{0ACBBF31-3FFA-480A-8B97-D1EDB3B1070D}.ExportDebug|Any CPU.Build.0 = Debug|Any CPU
		{0ACBBF31-3FFA-480A-8B97-D1EDB3B1070D}.ExportDebug|ARM.ActiveCfg = Debug|Any CPU
		{0ACBBF31-3FFA-480A-8B97-D1EDB3B1070D}.ExportDebug|ARM.Build.0 = Debug|Any CPU
		{0ACBBF31-3FFA-480A-8B97-D1EDB3B1070D}.ExportDebug|ARM64.ActiveCfg = Debug|Any CPU
		{0ACBBF31-3FFA-480A-8B97-D1EDB3B1070D}.ExportDebug|ARM64.Build.0 = Debug|Any CPU
		{0ACBBF31-3FFA-480A-8B97-D1EDB3B1070D}.ExportDebug|x64.ActiveCfg = Debug|Any CPU
		{0ACBBF31-3FFA-480A-8B97-D1EDB3B1070D}.ExportDebug|x64.Build.0 = Debug|Any CPU
		{0ACBBF31-3FFA-480A-8B97-D1EDB3B1070D}.ExportDebug|x86.ActiveCfg = Debug|Any CPU
		{0ACBBF31-3FFA-480A-8B97-D1EDB3B1070D}.ExportDebug|x86.Build.0 = Debug|Any CPU
		{0ACBBF31-3FFA-480A-8B97-D1EDB3B1070D}.ExportRelease|Any CPU.ActiveCfg = Release|Any CPU
		{0ACBBF31-3FFA-480A-8B97-D1EDB3B1070D}.ExportRelease|Any CPU.Build.0 = Release|Any CPU
		{0ACBBF31-3FFA-480A-8B97-D1EDB3B1070D}.ExportRelease|ARM.ActiveCfg = Release|Any CPU
		{0ACBBF31-3FFA-480A-8B97-D1EDB3B1070D}.ExportRelease|ARM.Build.0 = Release|Any CPU
		{0ACBBF31-3FFA-480A-8B97-D1EDB3B1070D}.ExportRelease|ARM64.ActiveCfg = Release|Any CPU
		{0ACBBF31-3FFA-480A-8B97-D1EDB3B1070D}.ExportRelease|ARM64.Build.0 = Release|Any CPU
		{0ACBBF31-3FFA-480A-8B97-D1EDB3B1070D}.ExportRelease|x64.ActiveCfg = Release|Any CPU
		{0ACBBF31-3FFA-480A-8B97-D1EDB3B1070D}.ExportRelease|x64.Build.0 = Release|Any CPU
		{0ACBBF31-3FFA-480A-8B97-D1EDB3B1070D}.ExportRelease|x86.ActiveCfg = Release|Any CPU
		{0ACBBF31-3FFA-480A-8B97-D1EDB3B1070D}.ExportRelease|x86.Build.0 = Release|Any CPU
		{0ACBBF31-3FFA-480A-8B97-D1EDB3B1070D}.Release|Any CPU.ActiveCfg = Release|Any CPU
		{0ACBBF31-3FFA-480A-8B97-D1EDB3B1070D}.Release|Any CPU.Build.0 = Release|Any CPU
		{0ACBBF31-3FFA-480A-8B97-D1EDB3B1070D}.Release|ARM.ActiveCfg = Release|Any CPU
		{0ACBBF31-3FFA-480A-8B97-D1EDB3B1070D}.Release|ARM.Build.0 = Release|Any CPU
		{0ACBBF31-3FFA-480A-8B97-D1EDB3B1070D}.Release|ARM64.ActiveCfg = Release|Any CPU
		{0ACBBF31-3FFA-480A-8B97-D1EDB3B1070D}.Release|ARM64.Build.0 = Release|Any CPU
		{0ACBBF31-3FFA-480A-8B97-D1EDB3B1070D}.Release|x64.ActiveCfg = Release|Any CPU
		{0ACBBF31-3FFA-480A-8B97-D1EDB3B1070D}.Release|x64.Build.0 = Release|Any CPU
		{0ACBBF31-3FFA-480A-8B97-D1EDB3B1070D}.Release|x86.ActiveCfg = Release|Any CPU
		{0ACBBF31-3FFA-480A-8B97-D1EDB3B1070D}.Release|x86.Build.0 = Release|Any CPU
		{0C09F210-19E8-447B-9AA9-62543FF90324}.Debug|Any CPU.ActiveCfg = Debug|Any CPU
		{0C09F210-19E8-447B-9AA9-62543FF90324}.Debug|Any CPU.Build.0 = Debug|Any CPU
		{0C09F210-19E8-447B-9AA9-62543FF90324}.Debug|ARM.ActiveCfg = Debug|Any CPU
		{0C09F210-19E8-447B-9AA9-62543FF90324}.Debug|ARM.Build.0 = Debug|Any CPU
		{0C09F210-19E8-447B-9AA9-62543FF90324}.Debug|ARM64.ActiveCfg = Debug|Any CPU
		{0C09F210-19E8-447B-9AA9-62543FF90324}.Debug|ARM64.Build.0 = Debug|Any CPU
		{0C09F210-19E8-447B-9AA9-62543FF90324}.Debug|x64.ActiveCfg = Debug|Any CPU
		{0C09F210-19E8-447B-9AA9-62543FF90324}.Debug|x64.Build.0 = Debug|Any CPU
		{0C09F210-19E8-447B-9AA9-62543FF90324}.Debug|x86.ActiveCfg = Debug|Any CPU
		{0C09F210-19E8-447B-9AA9-62543FF90324}.Debug|x86.Build.0 = Debug|Any CPU
		{0C09F210-19E8-447B-9AA9-62543FF90324}.ExportDebug|Any CPU.ActiveCfg = Debug|Any CPU
		{0C09F210-19E8-447B-9AA9-62543FF90324}.ExportDebug|Any CPU.Build.0 = Debug|Any CPU
		{0C09F210-19E8-447B-9AA9-62543FF90324}.ExportDebug|ARM.ActiveCfg = Debug|Any CPU
		{0C09F210-19E8-447B-9AA9-62543FF90324}.ExportDebug|ARM.Build.0 = Debug|Any CPU
		{0C09F210-19E8-447B-9AA9-62543FF90324}.ExportDebug|ARM64.ActiveCfg = Debug|Any CPU
		{0C09F210-19E8-447B-9AA9-62543FF90324}.ExportDebug|ARM64.Build.0 = Debug|Any CPU
		{0C09F210-19E8-447B-9AA9-62543FF90324}.ExportDebug|x64.ActiveCfg = Debug|Any CPU
		{0C09F210-19E8-447B-9AA9-62543FF90324}.ExportDebug|x64.Build.0 = Debug|Any CPU
		{0C09F210-19E8-447B-9AA9-62543FF90324}.ExportDebug|x86.ActiveCfg = Debug|Any CPU
		{0C09F210-19E8-447B-9AA9-62543FF90324}.ExportDebug|x86.Build.0 = Debug|Any CPU
		{0C09F210-19E8-447B-9AA9-62543FF90324}.ExportRelease|Any CPU.ActiveCfg = Release|Any CPU
		{0C09F210-19E8-447B-9AA9-62543FF90324}.ExportRelease|Any CPU.Build.0 = Release|Any CPU
		{0C09F210-19E8-447B-9AA9-62543FF90324}.ExportRelease|ARM.ActiveCfg = Release|Any CPU
		{0C09F210-19E8-447B-9AA9-62543FF90324}.ExportRelease|ARM.Build.0 = Release|Any CPU
		{0C09F210-19E8-447B-9AA9-62543FF90324}.ExportRelease|ARM64.ActiveCfg = Release|Any CPU
		{0C09F210-19E8-447B-9AA9-62543FF90324}.ExportRelease|ARM64.Build.0 = Release|Any CPU
		{0C09F210-19E8-447B-9AA9-62543FF90324}.ExportRelease|x64.ActiveCfg = Release|Any CPU
		{0C09F210-19E8-447B-9AA9-62543FF90324}.ExportRelease|x64.Build.0 = Release|Any CPU
		{0C09F210-19E8-447B-9AA9-62543FF90324}.ExportRelease|x86.ActiveCfg = Release|Any CPU
		{0C09F210-19E8-447B-9AA9-62543FF90324}.ExportRelease|x86.Build.0 = Release|Any CPU
		{0C09F210-19E8-447B-9AA9-62543FF90324}.Release|Any CPU.ActiveCfg = Release|Any CPU
		{0C09F210-19E8-447B-9AA9-62543FF90324}.Release|Any CPU.Build.0 = Release|Any CPU
		{0C09F210-19E8-447B-9AA9-62543FF90324}.Release|ARM.ActiveCfg = Release|Any CPU
		{0C09F210-19E8-447B-9AA9-62543FF90324}.Release|ARM.Build.0 = Release|Any CPU
		{0C09F210-19E8-447B-9AA9-62543FF90324}.Release|ARM64.ActiveCfg = Release|Any CPU
		{0C09F210-19E8-447B-9AA9-62543FF90324}.Release|ARM64.Build.0 = Release|Any CPU
		{0C09F210-19E8-447B-9AA9-62543FF90324}.Release|x64.ActiveCfg = Release|Any CPU
		{0C09F210-19E8-447B-9AA9-62543FF90324}.Release|x64.Build.0 = Release|Any CPU
		{0C09F210-19E8-447B-9AA9-62543FF90324}.Release|x86.ActiveCfg = Release|Any CPU
		{0C09F210-19E8-447B-9AA9-62543FF90324}.Release|x86.Build.0 = Release|Any CPU
		{68AEBA8E-0939-41D3-81F7-2F024E125CAE}.Debug|Any CPU.ActiveCfg = Debug|Any CPU
		{68AEBA8E-0939-41D3-81F7-2F024E125CAE}.Debug|Any CPU.Build.0 = Debug|Any CPU
		{68AEBA8E-0939-41D3-81F7-2F024E125CAE}.Debug|ARM.ActiveCfg = Debug|Any CPU
		{68AEBA8E-0939-41D3-81F7-2F024E125CAE}.Debug|ARM.Build.0 = Debug|Any CPU
		{68AEBA8E-0939-41D3-81F7-2F024E125CAE}.Debug|ARM64.ActiveCfg = Debug|Any CPU
		{68AEBA8E-0939-41D3-81F7-2F024E125CAE}.Debug|ARM64.Build.0 = Debug|Any CPU
		{68AEBA8E-0939-41D3-81F7-2F024E125CAE}.Debug|x64.ActiveCfg = Debug|Any CPU
		{68AEBA8E-0939-41D3-81F7-2F024E125CAE}.Debug|x64.Build.0 = Debug|Any CPU
		{68AEBA8E-0939-41D3-81F7-2F024E125CAE}.Debug|x86.ActiveCfg = Debug|Any CPU
		{68AEBA8E-0939-41D3-81F7-2F024E125CAE}.Debug|x86.Build.0 = Debug|Any CPU
		{68AEBA8E-0939-41D3-81F7-2F024E125CAE}.ExportDebug|Any CPU.ActiveCfg = Debug|Any CPU
		{68AEBA8E-0939-41D3-81F7-2F024E125CAE}.ExportDebug|Any CPU.Build.0 = Debug|Any CPU
		{68AEBA8E-0939-41D3-81F7-2F024E125CAE}.ExportDebug|ARM.ActiveCfg = Debug|Any CPU
		{68AEBA8E-0939-41D3-81F7-2F024E125CAE}.ExportDebug|ARM.Build.0 = Debug|Any CPU
		{68AEBA8E-0939-41D3-81F7-2F024E125CAE}.ExportDebug|ARM64.ActiveCfg = Debug|Any CPU
		{68AEBA8E-0939-41D3-81F7-2F024E125CAE}.ExportDebug|ARM64.Build.0 = Debug|Any CPU
		{68AEBA8E-0939-41D3-81F7-2F024E125CAE}.ExportDebug|x64.ActiveCfg = Debug|Any CPU
		{68AEBA8E-0939-41D3-81F7-2F024E125CAE}.ExportDebug|x64.Build.0 = Debug|Any CPU
		{68AEBA8E-0939-41D3-81F7-2F024E125CAE}.ExportDebug|x86.ActiveCfg = Debug|Any CPU
		{68AEBA8E-0939-41D3-81F7-2F024E125CAE}.ExportDebug|x86.Build.0 = Debug|Any CPU
		{68AEBA8E-0939-41D3-81F7-2F024E125CAE}.ExportRelease|Any CPU.ActiveCfg = Release|Any CPU
		{68AEBA8E-0939-41D3-81F7-2F024E125CAE}.ExportRelease|Any CPU.Build.0 = Release|Any CPU
		{68AEBA8E-0939-41D3-81F7-2F024E125CAE}.ExportRelease|ARM.ActiveCfg = Release|Any CPU
		{68AEBA8E-0939-41D3-81F7-2F024E125CAE}.ExportRelease|ARM.Build.0 = Release|Any CPU
		{68AEBA8E-0939-41D3-81F7-2F024E125CAE}.ExportRelease|ARM64.ActiveCfg = Release|Any CPU
		{68AEBA8E-0939-41D3-81F7-2F024E125CAE}.ExportRelease|ARM64.Build.0 = Release|Any CPU
		{68AEBA8E-0939-41D3-81F7-2F024E125CAE}.ExportRelease|x64.ActiveCfg = Release|Any CPU
		{68AEBA8E-0939-41D3-81F7-2F024E125CAE}.ExportRelease|x64.Build.0 = Release|Any CPU
		{68AEBA8E-0939-41D3-81F7-2F024E125CAE}.ExportRelease|x86.ActiveCfg = Release|Any CPU
		{68AEBA8E-0939-41D3-81F7-2F024E125CAE}.ExportRelease|x86.Build.0 = Release|Any CPU
		{68AEBA8E-0939-41D3-81F7-2F024E125CAE}.Release|Any CPU.ActiveCfg = Release|Any CPU
		{68AEBA8E-0939-41D3-81F7-2F024E125CAE}.Release|Any CPU.Build.0 = Release|Any CPU
		{68AEBA8E-0939-41D3-81F7-2F024E125CAE}.Release|ARM.ActiveCfg = Release|Any CPU
		{68AEBA8E-0939-41D3-81F7-2F024E125CAE}.Release|ARM.Build.0 = Release|Any CPU
		{68AEBA8E-0939-41D3-81F7-2F024E125CAE}.Release|ARM64.ActiveCfg = Release|Any CPU
		{68AEBA8E-0939-41D3-81F7-2F024E125CAE}.Release|ARM64.Build.0 = Release|Any CPU
		{68AEBA8E-0939-41D3-81F7-2F024E125CAE}.Release|x64.ActiveCfg = Release|Any CPU
		{68AEBA8E-0939-41D3-81F7-2F024E125CAE}.Release|x64.Build.0 = Release|Any CPU
		{68AEBA8E-0939-41D3-81F7-2F024E125CAE}.Release|x86.ActiveCfg = Release|Any CPU
		{68AEBA8E-0939-41D3-81F7-2F024E125CAE}.Release|x86.Build.0 = Release|Any CPU
		{A8C6E3F8-A509-448F-91F4-B66CE8DC77E0}.Debug|Any CPU.ActiveCfg = Debug|Any CPU
		{A8C6E3F8-A509-448F-91F4-B66CE8DC77E0}.Debug|Any CPU.Build.0 = Debug|Any CPU
		{A8C6E3F8-A509-448F-91F4-B66CE8DC77E0}.Debug|ARM.ActiveCfg = Debug|Any CPU
		{A8C6E3F8-A509-448F-91F4-B66CE8DC77E0}.Debug|ARM.Build.0 = Debug|Any CPU
		{A8C6E3F8-A509-448F-91F4-B66CE8DC77E0}.Debug|ARM64.ActiveCfg = Debug|Any CPU
		{A8C6E3F8-A509-448F-91F4-B66CE8DC77E0}.Debug|ARM64.Build.0 = Debug|Any CPU
		{A8C6E3F8-A509-448F-91F4-B66CE8DC77E0}.Debug|x64.ActiveCfg = Debug|Any CPU
		{A8C6E3F8-A509-448F-91F4-B66CE8DC77E0}.Debug|x64.Build.0 = Debug|Any CPU
		{A8C6E3F8-A509-448F-91F4-B66CE8DC77E0}.Debug|x86.ActiveCfg = Debug|Any CPU
		{A8C6E3F8-A509-448F-91F4-B66CE8DC77E0}.Debug|x86.Build.0 = Debug|Any CPU
		{A8C6E3F8-A509-448F-91F4-B66CE8DC77E0}.ExportDebug|Any CPU.ActiveCfg = Debug|Any CPU
		{A8C6E3F8-A509-448F-91F4-B66CE8DC77E0}.ExportDebug|Any CPU.Build.0 = Debug|Any CPU
		{A8C6E3F8-A509-448F-91F4-B66CE8DC77E0}.ExportDebug|ARM.ActiveCfg = Debug|Any CPU
		{A8C6E3F8-A509-448F-91F4-B66CE8DC77E0}.ExportDebug|ARM.Build.0 = Debug|Any CPU
		{A8C6E3F8-A509-448F-91F4-B66CE8DC77E0}.ExportDebug|ARM64.ActiveCfg = Debug|Any CPU
		{A8C6E3F8-A509-448F-91F4-B66CE8DC77E0}.ExportDebug|ARM64.Build.0 = Debug|Any CPU
		{A8C6E3F8-A509-448F-91F4-B66CE8DC77E0}.ExportDebug|x64.ActiveCfg = Debug|Any CPU
		{A8C6E3F8-A509-448F-91F4-B66CE8DC77E0}.ExportDebug|x64.Build.0 = Debug|Any CPU
		{A8C6E3F8-A509-448F-91F4-B66CE8DC77E0}.ExportDebug|x86.ActiveCfg = Debug|Any CPU
		{A8C6E3F8-A509-448F-91F4-B66CE8DC77E0}.ExportDebug|x86.Build.0 = Debug|Any CPU
		{A8C6E3F8-A509-448F-91F4-B66CE8DC77E0}.ExportRelease|Any CPU.ActiveCfg = Release|Any CPU
		{A8C6E3F8-A509-448F-91F4-B66CE8DC77E0}.ExportRelease|Any CPU.Build.0 = Release|Any CPU
		{A8C6E3F8-A509-448F-91F4-B66CE8DC77E0}.ExportRelease|ARM.ActiveCfg = Release|Any CPU
		{A8C6E3F8-A509-448F-91F4-B66CE8DC77E0}.ExportRelease|ARM.Build.0 = Release|Any CPU
		{A8C6E3F8-A509-448F-91F4-B66CE8DC77E0}.ExportRelease|ARM64.ActiveCfg = Release|Any CPU
		{A8C6E3F8-A509-448F-91F4-B66CE8DC77E0}.ExportRelease|ARM64.Build.0 = Release|Any CPU
		{A8C6E3F8-A509-448F-91F4-B66CE8DC77E0}.ExportRelease|x64.ActiveCfg = Release|Any CPU
		{A8C6E3F8-A509-448F-91F4-B66CE8DC77E0}.ExportRelease|x64.Build.0 = Release|Any CPU
		{A8C6E3F8-A509-448F-91F4-B66CE8DC77E0}.ExportRelease|x86.ActiveCfg = Release|Any CPU
		{A8C6E3F8-A509-448F-91F4-B66CE8DC77E0}.ExportRelease|x86.Build.0 = Release|Any CPU
		{A8C6E3F8-A509-448F-91F4-B66CE8DC77E0}.Release|Any CPU.ActiveCfg = Release|Any CPU
		{A8C6E3F8-A509-448F-91F4-B66CE8DC77E0}.Release|Any CPU.Build.0 = Release|Any CPU
		{A8C6E3F8-A509-448F-91F4-B66CE8DC77E0}.Release|ARM.ActiveCfg = Release|Any CPU
		{A8C6E3F8-A509-448F-91F4-B66CE8DC77E0}.Release|ARM.Build.0 = Release|Any CPU
		{A8C6E3F8-A509-448F-91F4-B66CE8DC77E0}.Release|ARM64.ActiveCfg = Release|Any CPU
		{A8C6E3F8-A509-448F-91F4-B66CE8DC77E0}.Release|ARM64.Build.0 = Release|Any CPU
		{A8C6E3F8-A509-448F-91F4-B66CE8DC77E0}.Release|x64.ActiveCfg = Release|Any CPU
		{A8C6E3F8-A509-448F-91F4-B66CE8DC77E0}.Release|x64.Build.0 = Release|Any CPU
		{A8C6E3F8-A509-448F-91F4-B66CE8DC77E0}.Release|x86.ActiveCfg = Release|Any CPU
		{A8C6E3F8-A509-448F-91F4-B66CE8DC77E0}.Release|x86.Build.0 = Release|Any CPU
		{86678D03-21C1-4CD2-BF19-F86127E02A96}.Debug|Any CPU.ActiveCfg = Debug|Any CPU
		{86678D03-21C1-4CD2-BF19-F86127E02A96}.Debug|Any CPU.Build.0 = Debug|Any CPU
		{86678D03-21C1-4CD2-BF19-F86127E02A96}.Debug|ARM.ActiveCfg = Debug|Any CPU
		{86678D03-21C1-4CD2-BF19-F86127E02A96}.Debug|ARM.Build.0 = Debug|Any CPU
		{86678D03-21C1-4CD2-BF19-F86127E02A96}.Debug|ARM64.ActiveCfg = Debug|Any CPU
		{86678D03-21C1-4CD2-BF19-F86127E02A96}.Debug|ARM64.Build.0 = Debug|Any CPU
		{86678D03-21C1-4CD2-BF19-F86127E02A96}.Debug|x64.ActiveCfg = Debug|Any CPU
		{86678D03-21C1-4CD2-BF19-F86127E02A96}.Debug|x64.Build.0 = Debug|Any CPU
		{86678D03-21C1-4CD2-BF19-F86127E02A96}.Debug|x86.ActiveCfg = Debug|Any CPU
		{86678D03-21C1-4CD2-BF19-F86127E02A96}.Debug|x86.Build.0 = Debug|Any CPU
		{86678D03-21C1-4CD2-BF19-F86127E02A96}.ExportDebug|Any CPU.ActiveCfg = Debug|Any CPU
		{86678D03-21C1-4CD2-BF19-F86127E02A96}.ExportDebug|Any CPU.Build.0 = Debug|Any CPU
		{86678D03-21C1-4CD2-BF19-F86127E02A96}.ExportDebug|ARM.ActiveCfg = Debug|Any CPU
		{86678D03-21C1-4CD2-BF19-F86127E02A96}.ExportDebug|ARM.Build.0 = Debug|Any CPU
		{86678D03-21C1-4CD2-BF19-F86127E02A96}.ExportDebug|ARM64.ActiveCfg = Debug|Any CPU
		{86678D03-21C1-4CD2-BF19-F86127E02A96}.ExportDebug|ARM64.Build.0 = Debug|Any CPU
		{86678D03-21C1-4CD2-BF19-F86127E02A96}.ExportDebug|x64.ActiveCfg = Debug|Any CPU
		{86678D03-21C1-4CD2-BF19-F86127E02A96}.ExportDebug|x64.Build.0 = Debug|Any CPU
		{86678D03-21C1-4CD2-BF19-F86127E02A96}.ExportDebug|x86.ActiveCfg = Debug|Any CPU
		{86678D03-21C1-4CD2-BF19-F86127E02A96}.ExportDebug|x86.Build.0 = Debug|Any CPU
		{86678D03-21C1-4CD2-BF19-F86127E02A96}.ExportRelease|Any CPU.ActiveCfg = Release|Any CPU
		{86678D03-21C1-4CD2-BF19-F86127E02A96}.ExportRelease|Any CPU.Build.0 = Release|Any CPU
		{86678D03-21C1-4CD2-BF19-F86127E02A96}.ExportRelease|ARM.ActiveCfg = Release|Any CPU
		{86678D03-21C1-4CD2-BF19-F86127E02A96}.ExportRelease|ARM.Build.0 = Release|Any CPU
		{86678D03-21C1-4CD2-BF19-F86127E02A96}.ExportRelease|ARM64.ActiveCfg = Release|Any CPU
		{86678D03-21C1-4CD2-BF19-F86127E02A96}.ExportRelease|ARM64.Build.0 = Release|Any CPU
		{86678D03-21C1-4CD2-BF19-F86127E02A96}.ExportRelease|x64.ActiveCfg = Release|Any CPU
		{86678D03-21C1-4CD2-BF19-F86127E02A96}.ExportRelease|x64.Build.0 = Release|Any CPU
		{86678D03-21C1-4CD2-BF19-F86127E02A96}.ExportRelease|x86.ActiveCfg = Release|Any CPU
		{86678D03-21C1-4CD2-BF19-F86127E02A96}.ExportRelease|x86.Build.0 = Release|Any CPU
		{86678D03-21C1-4CD2-BF19-F86127E02A96}.Release|Any CPU.ActiveCfg = Release|Any CPU
		{86678D03-21C1-4CD2-BF19-F86127E02A96}.Release|Any CPU.Build.0 = Release|Any CPU
		{86678D03-21C1-4CD2-BF19-F86127E02A96}.Release|ARM.ActiveCfg = Release|Any CPU
		{86678D03-21C1-4CD2-BF19-F86127E02A96}.Release|ARM.Build.0 = Release|Any CPU
		{86678D03-21C1-4CD2-BF19-F86127E02A96}.Release|ARM64.ActiveCfg = Release|Any CPU
		{86678D03-21C1-4CD2-BF19-F86127E02A96}.Release|ARM64.Build.0 = Release|Any CPU
		{86678D03-21C1-4CD2-BF19-F86127E02A96}.Release|x64.ActiveCfg = Release|Any CPU
		{86678D03-21C1-4CD2-BF19-F86127E02A96}.Release|x64.Build.0 = Release|Any CPU
		{86678D03-21C1-4CD2-BF19-F86127E02A96}.Release|x86.ActiveCfg = Release|Any CPU
		{86678D03-21C1-4CD2-BF19-F86127E02A96}.Release|x86.Build.0 = Release|Any CPU
		{8EFBA311-909D-4034-ADCD-6A12ED13F040}.Debug|Any CPU.ActiveCfg = Debug|Any CPU
		{8EFBA311-909D-4034-ADCD-6A12ED13F040}.Debug|Any CPU.Build.0 = Debug|Any CPU
		{8EFBA311-909D-4034-ADCD-6A12ED13F040}.Debug|ARM.ActiveCfg = Debug|Any CPU
		{8EFBA311-909D-4034-ADCD-6A12ED13F040}.Debug|ARM.Build.0 = Debug|Any CPU
		{8EFBA311-909D-4034-ADCD-6A12ED13F040}.Debug|ARM64.ActiveCfg = Debug|Any CPU
		{8EFBA311-909D-4034-ADCD-6A12ED13F040}.Debug|ARM64.Build.0 = Debug|Any CPU
		{8EFBA311-909D-4034-ADCD-6A12ED13F040}.Debug|x64.ActiveCfg = Debug|Any CPU
		{8EFBA311-909D-4034-ADCD-6A12ED13F040}.Debug|x64.Build.0 = Debug|Any CPU
		{8EFBA311-909D-4034-ADCD-6A12ED13F040}.Debug|x86.ActiveCfg = Debug|Any CPU
		{8EFBA311-909D-4034-ADCD-6A12ED13F040}.Debug|x86.Build.0 = Debug|Any CPU
		{8EFBA311-909D-4034-ADCD-6A12ED13F040}.ExportDebug|Any CPU.ActiveCfg = Debug|Any CPU
		{8EFBA311-909D-4034-ADCD-6A12ED13F040}.ExportDebug|Any CPU.Build.0 = Debug|Any CPU
		{8EFBA311-909D-4034-ADCD-6A12ED13F040}.ExportDebug|ARM.ActiveCfg = Debug|Any CPU
		{8EFBA311-909D-4034-ADCD-6A12ED13F040}.ExportDebug|ARM.Build.0 = Debug|Any CPU
		{8EFBA311-909D-4034-ADCD-6A12ED13F040}.ExportDebug|ARM64.ActiveCfg = Debug|Any CPU
		{8EFBA311-909D-4034-ADCD-6A12ED13F040}.ExportDebug|ARM64.Build.0 = Debug|Any CPU
		{8EFBA311-909D-4034-ADCD-6A12ED13F040}.ExportDebug|x64.ActiveCfg = Debug|Any CPU
		{8EFBA311-909D-4034-ADCD-6A12ED13F040}.ExportDebug|x64.Build.0 = Debug|Any CPU
		{8EFBA311-909D-4034-ADCD-6A12ED13F040}.ExportDebug|x86.ActiveCfg = Debug|Any CPU
		{8EFBA311-909D-4034-ADCD-6A12ED13F040}.ExportDebug|x86.Build.0 = Debug|Any CPU
		{8EFBA311-909D-4034-ADCD-6A12ED13F040}.ExportRelease|Any CPU.ActiveCfg = Release|Any CPU
		{8EFBA311-909D-4034-ADCD-6A12ED13F040}.ExportRelease|Any CPU.Build.0 = Release|Any CPU
		{8EFBA311-909D-4034-ADCD-6A12ED13F040}.ExportRelease|ARM.ActiveCfg = Release|Any CPU
		{8EFBA311-909D-4034-ADCD-6A12ED13F040}.ExportRelease|ARM.Build.0 = Release|Any CPU
		{8EFBA311-909D-4034-ADCD-6A12ED13F040}.ExportRelease|ARM64.ActiveCfg = Release|Any CPU
		{8EFBA311-909D-4034-ADCD-6A12ED13F040}.ExportRelease|ARM64.Build.0 = Release|Any CPU
		{8EFBA311-909D-4034-ADCD-6A12ED13F040}.ExportRelease|x64.ActiveCfg = Release|Any CPU
		{8EFBA311-909D-4034-ADCD-6A12ED13F040}.ExportRelease|x64.Build.0 = Release|Any CPU
		{8EFBA311-909D-4034-ADCD-6A12ED13F040}.ExportRelease|x86.ActiveCfg = Release|Any CPU
		{8EFBA311-909D-4034-ADCD-6A12ED13F040}.ExportRelease|x86.Build.0 = Release|Any CPU
		{8EFBA311-909D-4034-ADCD-6A12ED13F040}.Release|Any CPU.ActiveCfg = Release|Any CPU
		{8EFBA311-909D-4034-ADCD-6A12ED13F040}.Release|Any CPU.Build.0 = Release|Any CPU
		{8EFBA311-909D-4034-ADCD-6A12ED13F040}.Release|ARM.ActiveCfg = Release|Any CPU
		{8EFBA311-909D-4034-ADCD-6A12ED13F040}.Release|ARM.Build.0 = Release|Any CPU
		{8EFBA311-909D-4034-ADCD-6A12ED13F040}.Release|ARM64.ActiveCfg = Release|Any CPU
		{8EFBA311-909D-4034-ADCD-6A12ED13F040}.Release|ARM64.Build.0 = Release|Any CPU
		{8EFBA311-909D-4034-ADCD-6A12ED13F040}.Release|x64.ActiveCfg = Release|Any CPU
		{8EFBA311-909D-4034-ADCD-6A12ED13F040}.Release|x64.Build.0 = Release|Any CPU
		{8EFBA311-909D-4034-ADCD-6A12ED13F040}.Release|x86.ActiveCfg = Release|Any CPU
		{8EFBA311-909D-4034-ADCD-6A12ED13F040}.Release|x86.Build.0 = Release|Any CPU
		{399E99FD-C506-402C-9C7A-7B56A7439DB9}.Debug|Any CPU.ActiveCfg = Debug|Any CPU
		{399E99FD-C506-402C-9C7A-7B56A7439DB9}.Debug|Any CPU.Build.0 = Debug|Any CPU
		{399E99FD-C506-402C-9C7A-7B56A7439DB9}.Debug|ARM.ActiveCfg = Debug|Any CPU
		{399E99FD-C506-402C-9C7A-7B56A7439DB9}.Debug|ARM.Build.0 = Debug|Any CPU
		{399E99FD-C506-402C-9C7A-7B56A7439DB9}.Debug|ARM64.ActiveCfg = Debug|Any CPU
		{399E99FD-C506-402C-9C7A-7B56A7439DB9}.Debug|ARM64.Build.0 = Debug|Any CPU
		{399E99FD-C506-402C-9C7A-7B56A7439DB9}.Debug|x64.ActiveCfg = Debug|Any CPU
		{399E99FD-C506-402C-9C7A-7B56A7439DB9}.Debug|x64.Build.0 = Debug|Any CPU
		{399E99FD-C506-402C-9C7A-7B56A7439DB9}.Debug|x86.ActiveCfg = Debug|Any CPU
		{399E99FD-C506-402C-9C7A-7B56A7439DB9}.Debug|x86.Build.0 = Debug|Any CPU
		{399E99FD-C506-402C-9C7A-7B56A7439DB9}.ExportDebug|Any CPU.ActiveCfg = Debug|Any CPU
		{399E99FD-C506-402C-9C7A-7B56A7439DB9}.ExportDebug|Any CPU.Build.0 = Debug|Any CPU
		{399E99FD-C506-402C-9C7A-7B56A7439DB9}.ExportDebug|ARM.ActiveCfg = Debug|Any CPU
		{399E99FD-C506-402C-9C7A-7B56A7439DB9}.ExportDebug|ARM.Build.0 = Debug|Any CPU
		{399E99FD-C506-402C-9C7A-7B56A7439DB9}.ExportDebug|ARM64.ActiveCfg = Debug|Any CPU
		{399E99FD-C506-402C-9C7A-7B56A7439DB9}.ExportDebug|ARM64.Build.0 = Debug|Any CPU
		{399E99FD-C506-402C-9C7A-7B56A7439DB9}.ExportDebug|x64.ActiveCfg = Debug|Any CPU
		{399E99FD-C506-402C-9C7A-7B56A7439DB9}.ExportDebug|x64.Build.0 = Debug|Any CPU
		{399E99FD-C506-402C-9C7A-7B56A7439DB9}.ExportDebug|x86.ActiveCfg = Debug|Any CPU
		{399E99FD-C506-402C-9C7A-7B56A7439DB9}.ExportDebug|x86.Build.0 = Debug|Any CPU
		{399E99FD-C506-402C-9C7A-7B56A7439DB9}.ExportRelease|Any CPU.ActiveCfg = Release|Any CPU
		{399E99FD-C506-402C-9C7A-7B56A7439DB9}.ExportRelease|Any CPU.Build.0 = Release|Any CPU
		{399E99FD-C506-402C-9C7A-7B56A7439DB9}.ExportRelease|ARM.ActiveCfg = Release|Any CPU
		{399E99FD-C506-402C-9C7A-7B56A7439DB9}.ExportRelease|ARM.Build.0 = Release|Any CPU
		{399E99FD-C506-402C-9C7A-7B56A7439DB9}.ExportRelease|ARM64.ActiveCfg = Release|Any CPU
		{399E99FD-C506-402C-9C7A-7B56A7439DB9}.ExportRelease|ARM64.Build.0 = Release|Any CPU
		{399E99FD-C506-402C-9C7A-7B56A7439DB9}.ExportRelease|x64.ActiveCfg = Release|Any CPU
		{399E99FD-C506-402C-9C7A-7B56A7439DB9}.ExportRelease|x64.Build.0 = Release|Any CPU
		{399E99FD-C506-402C-9C7A-7B56A7439DB9}.ExportRelease|x86.ActiveCfg = Release|Any CPU
		{399E99FD-C506-402C-9C7A-7B56A7439DB9}.ExportRelease|x86.Build.0 = Release|Any CPU
		{399E99FD-C506-402C-9C7A-7B56A7439DB9}.Release|Any CPU.ActiveCfg = Release|Any CPU
		{399E99FD-C506-402C-9C7A-7B56A7439DB9}.Release|Any CPU.Build.0 = Release|Any CPU
		{399E99FD-C506-402C-9C7A-7B56A7439DB9}.Release|ARM.ActiveCfg = Release|Any CPU
		{399E99FD-C506-402C-9C7A-7B56A7439DB9}.Release|ARM.Build.0 = Release|Any CPU
		{399E99FD-C506-402C-9C7A-7B56A7439DB9}.Release|ARM64.ActiveCfg = Release|Any CPU
		{399E99FD-C506-402C-9C7A-7B56A7439DB9}.Release|ARM64.Build.0 = Release|Any CPU
		{399E99FD-C506-402C-9C7A-7B56A7439DB9}.Release|x64.ActiveCfg = Release|Any CPU
		{399E99FD-C506-402C-9C7A-7B56A7439DB9}.Release|x64.Build.0 = Release|Any CPU
		{399E99FD-C506-402C-9C7A-7B56A7439DB9}.Release|x86.ActiveCfg = Release|Any CPU
		{399E99FD-C506-402C-9C7A-7B56A7439DB9}.Release|x86.Build.0 = Release|Any CPU
		{3EA28423-7FE2-4DEF-92C7-70C25E287C31}.Debug|Any CPU.ActiveCfg = Debug|Any CPU
		{3EA28423-7FE2-4DEF-92C7-70C25E287C31}.Debug|Any CPU.Build.0 = Debug|Any CPU
		{3EA28423-7FE2-4DEF-92C7-70C25E287C31}.Debug|ARM.ActiveCfg = Debug|Any CPU
		{3EA28423-7FE2-4DEF-92C7-70C25E287C31}.Debug|ARM.Build.0 = Debug|Any CPU
		{3EA28423-7FE2-4DEF-92C7-70C25E287C31}.Debug|ARM64.ActiveCfg = Debug|Any CPU
		{3EA28423-7FE2-4DEF-92C7-70C25E287C31}.Debug|ARM64.Build.0 = Debug|Any CPU
		{3EA28423-7FE2-4DEF-92C7-70C25E287C31}.Debug|x64.ActiveCfg = Debug|Any CPU
		{3EA28423-7FE2-4DEF-92C7-70C25E287C31}.Debug|x64.Build.0 = Debug|Any CPU
		{3EA28423-7FE2-4DEF-92C7-70C25E287C31}.Debug|x86.ActiveCfg = Debug|Any CPU
		{3EA28423-7FE2-4DEF-92C7-70C25E287C31}.Debug|x86.Build.0 = Debug|Any CPU
		{3EA28423-7FE2-4DEF-92C7-70C25E287C31}.ExportDebug|Any CPU.ActiveCfg = Debug|Any CPU
		{3EA28423-7FE2-4DEF-92C7-70C25E287C31}.ExportDebug|Any CPU.Build.0 = Debug|Any CPU
		{3EA28423-7FE2-4DEF-92C7-70C25E287C31}.ExportDebug|ARM.ActiveCfg = Debug|Any CPU
		{3EA28423-7FE2-4DEF-92C7-70C25E287C31}.ExportDebug|ARM.Build.0 = Debug|Any CPU
		{3EA28423-7FE2-4DEF-92C7-70C25E287C31}.ExportDebug|ARM64.ActiveCfg = Debug|Any CPU
		{3EA28423-7FE2-4DEF-92C7-70C25E287C31}.ExportDebug|ARM64.Build.0 = Debug|Any CPU
		{3EA28423-7FE2-4DEF-92C7-70C25E287C31}.ExportDebug|x64.ActiveCfg = Debug|Any CPU
		{3EA28423-7FE2-4DEF-92C7-70C25E287C31}.ExportDebug|x64.Build.0 = Debug|Any CPU
		{3EA28423-7FE2-4DEF-92C7-70C25E287C31}.ExportDebug|x86.ActiveCfg = Debug|Any CPU
		{3EA28423-7FE2-4DEF-92C7-70C25E287C31}.ExportDebug|x86.Build.0 = Debug|Any CPU
		{3EA28423-7FE2-4DEF-92C7-70C25E287C31}.ExportRelease|Any CPU.ActiveCfg = Release|Any CPU
		{3EA28423-7FE2-4DEF-92C7-70C25E287C31}.ExportRelease|Any CPU.Build.0 = Release|Any CPU
		{3EA28423-7FE2-4DEF-92C7-70C25E287C31}.ExportRelease|ARM.ActiveCfg = Release|Any CPU
		{3EA28423-7FE2-4DEF-92C7-70C25E287C31}.ExportRelease|ARM.Build.0 = Release|Any CPU
		{3EA28423-7FE2-4DEF-92C7-70C25E287C31}.ExportRelease|ARM64.ActiveCfg = Release|Any CPU
		{3EA28423-7FE2-4DEF-92C7-70C25E287C31}.ExportRelease|ARM64.Build.0 = Release|Any CPU
		{3EA28423-7FE2-4DEF-92C7-70C25E287C31}.ExportRelease|x64.ActiveCfg = Release|Any CPU
		{3EA28423-7FE2-4DEF-92C7-70C25E287C31}.ExportRelease|x64.Build.0 = Release|Any CPU
		{3EA28423-7FE2-4DEF-92C7-70C25E287C31}.ExportRelease|x86.ActiveCfg = Release|Any CPU
		{3EA28423-7FE2-4DEF-92C7-70C25E287C31}.ExportRelease|x86.Build.0 = Release|Any CPU
		{3EA28423-7FE2-4DEF-92C7-70C25E287C31}.Release|Any CPU.ActiveCfg = Release|Any CPU
		{3EA28423-7FE2-4DEF-92C7-70C25E287C31}.Release|Any CPU.Build.0 = Release|Any CPU
		{3EA28423-7FE2-4DEF-92C7-70C25E287C31}.Release|ARM.ActiveCfg = Release|Any CPU
		{3EA28423-7FE2-4DEF-92C7-70C25E287C31}.Release|ARM.Build.0 = Release|Any CPU
		{3EA28423-7FE2-4DEF-92C7-70C25E287C31}.Release|ARM64.ActiveCfg = Release|Any CPU
		{3EA28423-7FE2-4DEF-92C7-70C25E287C31}.Release|ARM64.Build.0 = Release|Any CPU
		{3EA28423-7FE2-4DEF-92C7-70C25E287C31}.Release|x64.ActiveCfg = Release|Any CPU
		{3EA28423-7FE2-4DEF-92C7-70C25E287C31}.Release|x64.Build.0 = Release|Any CPU
		{3EA28423-7FE2-4DEF-92C7-70C25E287C31}.Release|x86.ActiveCfg = Release|Any CPU
		{3EA28423-7FE2-4DEF-92C7-70C25E287C31}.Release|x86.Build.0 = Release|Any CPU
		{23695E97-042B-4598-B4C5-D718F119DD92}.Debug|Any CPU.ActiveCfg = Debug|Any CPU
		{23695E97-042B-4598-B4C5-D718F119DD92}.Debug|Any CPU.Build.0 = Debug|Any CPU
		{23695E97-042B-4598-B4C5-D718F119DD92}.Debug|ARM.ActiveCfg = Debug|Any CPU
		{23695E97-042B-4598-B4C5-D718F119DD92}.Debug|ARM.Build.0 = Debug|Any CPU
		{23695E97-042B-4598-B4C5-D718F119DD92}.Debug|ARM64.ActiveCfg = Debug|Any CPU
		{23695E97-042B-4598-B4C5-D718F119DD92}.Debug|ARM64.Build.0 = Debug|Any CPU
		{23695E97-042B-4598-B4C5-D718F119DD92}.Debug|x64.ActiveCfg = Debug|Any CPU
		{23695E97-042B-4598-B4C5-D718F119DD92}.Debug|x64.Build.0 = Debug|Any CPU
		{23695E97-042B-4598-B4C5-D718F119DD92}.Debug|x86.ActiveCfg = Debug|Any CPU
		{23695E97-042B-4598-B4C5-D718F119DD92}.Debug|x86.Build.0 = Debug|Any CPU
		{23695E97-042B-4598-B4C5-D718F119DD92}.ExportDebug|Any CPU.ActiveCfg = Debug|Any CPU
		{23695E97-042B-4598-B4C5-D718F119DD92}.ExportDebug|Any CPU.Build.0 = Debug|Any CPU
		{23695E97-042B-4598-B4C5-D718F119DD92}.ExportDebug|ARM.ActiveCfg = Debug|Any CPU
		{23695E97-042B-4598-B4C5-D718F119DD92}.ExportDebug|ARM.Build.0 = Debug|Any CPU
		{23695E97-042B-4598-B4C5-D718F119DD92}.ExportDebug|ARM64.ActiveCfg = Debug|Any CPU
		{23695E97-042B-4598-B4C5-D718F119DD92}.ExportDebug|ARM64.Build.0 = Debug|Any CPU
		{23695E97-042B-4598-B4C5-D718F119DD92}.ExportDebug|x64.ActiveCfg = Debug|Any CPU
		{23695E97-042B-4598-B4C5-D718F119DD92}.ExportDebug|x64.Build.0 = Debug|Any CPU
		{23695E97-042B-4598-B4C5-D718F119DD92}.ExportDebug|x86.ActiveCfg = Debug|Any CPU
		{23695E97-042B-4598-B4C5-D718F119DD92}.ExportDebug|x86.Build.0 = Debug|Any CPU
		{23695E97-042B-4598-B4C5-D718F119DD92}.ExportRelease|Any CPU.ActiveCfg = Release|Any CPU
		{23695E97-042B-4598-B4C5-D718F119DD92}.ExportRelease|Any CPU.Build.0 = Release|Any CPU
		{23695E97-042B-4598-B4C5-D718F119DD92}.ExportRelease|ARM.ActiveCfg = Release|Any CPU
		{23695E97-042B-4598-B4C5-D718F119DD92}.ExportRelease|ARM.Build.0 = Release|Any CPU
		{23695E97-042B-4598-B4C5-D718F119DD92}.ExportRelease|ARM64.ActiveCfg = Release|Any CPU
		{23695E97-042B-4598-B4C5-D718F119DD92}.ExportRelease|ARM64.Build.0 = Release|Any CPU
		{23695E97-042B-4598-B4C5-D718F119DD92}.ExportRelease|x64.ActiveCfg = Release|Any CPU
		{23695E97-042B-4598-B4C5-D718F119DD92}.ExportRelease|x64.Build.0 = Release|Any CPU
		{23695E97-042B-4598-B4C5-D718F119DD92}.ExportRelease|x86.ActiveCfg = Release|Any CPU
		{23695E97-042B-4598-B4C5-D718F119DD92}.ExportRelease|x86.Build.0 = Release|Any CPU
		{23695E97-042B-4598-B4C5-D718F119DD92}.Release|Any CPU.ActiveCfg = Release|Any CPU
		{23695E97-042B-4598-B4C5-D718F119DD92}.Release|Any CPU.Build.0 = Release|Any CPU
		{23695E97-042B-4598-B4C5-D718F119DD92}.Release|ARM.ActiveCfg = Release|Any CPU
		{23695E97-042B-4598-B4C5-D718F119DD92}.Release|ARM.Build.0 = Release|Any CPU
		{23695E97-042B-4598-B4C5-D718F119DD92}.Release|ARM64.ActiveCfg = Release|Any CPU
		{23695E97-042B-4598-B4C5-D718F119DD92}.Release|ARM64.Build.0 = Release|Any CPU
		{23695E97-042B-4598-B4C5-D718F119DD92}.Release|x64.ActiveCfg = Release|Any CPU
		{23695E97-042B-4598-B4C5-D718F119DD92}.Release|x64.Build.0 = Release|Any CPU
		{23695E97-042B-4598-B4C5-D718F119DD92}.Release|x86.ActiveCfg = Release|Any CPU
		{23695E97-042B-4598-B4C5-D718F119DD92}.Release|x86.Build.0 = Release|Any CPU
		{56E195EA-2BC2-4011-87EC-8CB71A1B0667}.Debug|Any CPU.ActiveCfg = Debug|Any CPU
		{56E195EA-2BC2-4011-87EC-8CB71A1B0667}.Debug|Any CPU.Build.0 = Debug|Any CPU
		{56E195EA-2BC2-4011-87EC-8CB71A1B0667}.Debug|ARM.ActiveCfg = Debug|Any CPU
		{56E195EA-2BC2-4011-87EC-8CB71A1B0667}.Debug|ARM.Build.0 = Debug|Any CPU
		{56E195EA-2BC2-4011-87EC-8CB71A1B0667}.Debug|ARM64.ActiveCfg = Debug|Any CPU
		{56E195EA-2BC2-4011-87EC-8CB71A1B0667}.Debug|ARM64.Build.0 = Debug|Any CPU
		{56E195EA-2BC2-4011-87EC-8CB71A1B0667}.Debug|x64.ActiveCfg = Debug|Any CPU
		{56E195EA-2BC2-4011-87EC-8CB71A1B0667}.Debug|x64.Build.0 = Debug|Any CPU
		{56E195EA-2BC2-4011-87EC-8CB71A1B0667}.Debug|x86.ActiveCfg = Debug|Any CPU
		{56E195EA-2BC2-4011-87EC-8CB71A1B0667}.Debug|x86.Build.0 = Debug|Any CPU
		{56E195EA-2BC2-4011-87EC-8CB71A1B0667}.ExportDebug|Any CPU.ActiveCfg = Debug|Any CPU
		{56E195EA-2BC2-4011-87EC-8CB71A1B0667}.ExportDebug|Any CPU.Build.0 = Debug|Any CPU
		{56E195EA-2BC2-4011-87EC-8CB71A1B0667}.ExportDebug|ARM.ActiveCfg = Debug|Any CPU
		{56E195EA-2BC2-4011-87EC-8CB71A1B0667}.ExportDebug|ARM.Build.0 = Debug|Any CPU
		{56E195EA-2BC2-4011-87EC-8CB71A1B0667}.ExportDebug|ARM64.ActiveCfg = Debug|Any CPU
		{56E195EA-2BC2-4011-87EC-8CB71A1B0667}.ExportDebug|ARM64.Build.0 = Debug|Any CPU
		{56E195EA-2BC2-4011-87EC-8CB71A1B0667}.ExportDebug|x64.ActiveCfg = Debug|Any CPU
		{56E195EA-2BC2-4011-87EC-8CB71A1B0667}.ExportDebug|x64.Build.0 = Debug|Any CPU
		{56E195EA-2BC2-4011-87EC-8CB71A1B0667}.ExportDebug|x86.ActiveCfg = Debug|Any CPU
		{56E195EA-2BC2-4011-87EC-8CB71A1B0667}.ExportDebug|x86.Build.0 = Debug|Any CPU
		{56E195EA-2BC2-4011-87EC-8CB71A1B0667}.ExportRelease|Any CPU.ActiveCfg = Release|Any CPU
		{56E195EA-2BC2-4011-87EC-8CB71A1B0667}.ExportRelease|Any CPU.Build.0 = Release|Any CPU
		{56E195EA-2BC2-4011-87EC-8CB71A1B0667}.ExportRelease|ARM.ActiveCfg = Release|Any CPU
		{56E195EA-2BC2-4011-87EC-8CB71A1B0667}.ExportRelease|ARM.Build.0 = Release|Any CPU
		{56E195EA-2BC2-4011-87EC-8CB71A1B0667}.ExportRelease|ARM64.ActiveCfg = Release|Any CPU
		{56E195EA-2BC2-4011-87EC-8CB71A1B0667}.ExportRelease|ARM64.Build.0 = Release|Any CPU
		{56E195EA-2BC2-4011-87EC-8CB71A1B0667}.ExportRelease|x64.ActiveCfg = Release|Any CPU
		{56E195EA-2BC2-4011-87EC-8CB71A1B0667}.ExportRelease|x64.Build.0 = Release|Any CPU
		{56E195EA-2BC2-4011-87EC-8CB71A1B0667}.ExportRelease|x86.ActiveCfg = Release|Any CPU
		{56E195EA-2BC2-4011-87EC-8CB71A1B0667}.ExportRelease|x86.Build.0 = Release|Any CPU
		{56E195EA-2BC2-4011-87EC-8CB71A1B0667}.Release|Any CPU.ActiveCfg = Release|Any CPU
		{56E195EA-2BC2-4011-87EC-8CB71A1B0667}.Release|Any CPU.Build.0 = Release|Any CPU
		{56E195EA-2BC2-4011-87EC-8CB71A1B0667}.Release|ARM.ActiveCfg = Release|Any CPU
		{56E195EA-2BC2-4011-87EC-8CB71A1B0667}.Release|ARM.Build.0 = Release|Any CPU
		{56E195EA-2BC2-4011-87EC-8CB71A1B0667}.Release|ARM64.ActiveCfg = Release|Any CPU
		{56E195EA-2BC2-4011-87EC-8CB71A1B0667}.Release|ARM64.Build.0 = Release|Any CPU
		{56E195EA-2BC2-4011-87EC-8CB71A1B0667}.Release|x64.ActiveCfg = Release|Any CPU
		{56E195EA-2BC2-4011-87EC-8CB71A1B0667}.Release|x64.Build.0 = Release|Any CPU
		{56E195EA-2BC2-4011-87EC-8CB71A1B0667}.Release|x86.ActiveCfg = Release|Any CPU
		{56E195EA-2BC2-4011-87EC-8CB71A1B0667}.Release|x86.Build.0 = Release|Any CPU
		{2FC8CD4C-E523-4CC8-A52E-AF48F000384A}.Debug|Any CPU.ActiveCfg = Debug|Any CPU
		{2FC8CD4C-E523-4CC8-A52E-AF48F000384A}.Debug|Any CPU.Build.0 = Debug|Any CPU
		{2FC8CD4C-E523-4CC8-A52E-AF48F000384A}.Debug|ARM.ActiveCfg = Debug|Any CPU
		{2FC8CD4C-E523-4CC8-A52E-AF48F000384A}.Debug|ARM.Build.0 = Debug|Any CPU
		{2FC8CD4C-E523-4CC8-A52E-AF48F000384A}.Debug|ARM64.ActiveCfg = Debug|Any CPU
		{2FC8CD4C-E523-4CC8-A52E-AF48F000384A}.Debug|ARM64.Build.0 = Debug|Any CPU
		{2FC8CD4C-E523-4CC8-A52E-AF48F000384A}.Debug|x64.ActiveCfg = Debug|Any CPU
		{2FC8CD4C-E523-4CC8-A52E-AF48F000384A}.Debug|x64.Build.0 = Debug|Any CPU
		{2FC8CD4C-E523-4CC8-A52E-AF48F000384A}.Debug|x86.ActiveCfg = Debug|Any CPU
		{2FC8CD4C-E523-4CC8-A52E-AF48F000384A}.Debug|x86.Build.0 = Debug|Any CPU
		{2FC8CD4C-E523-4CC8-A52E-AF48F000384A}.ExportDebug|Any CPU.ActiveCfg = Debug|Any CPU
		{2FC8CD4C-E523-4CC8-A52E-AF48F000384A}.ExportDebug|Any CPU.Build.0 = Debug|Any CPU
		{2FC8CD4C-E523-4CC8-A52E-AF48F000384A}.ExportDebug|ARM.ActiveCfg = Debug|Any CPU
		{2FC8CD4C-E523-4CC8-A52E-AF48F000384A}.ExportDebug|ARM.Build.0 = Debug|Any CPU
		{2FC8CD4C-E523-4CC8-A52E-AF48F000384A}.ExportDebug|ARM64.ActiveCfg = Debug|Any CPU
		{2FC8CD4C-E523-4CC8-A52E-AF48F000384A}.ExportDebug|ARM64.Build.0 = Debug|Any CPU
		{2FC8CD4C-E523-4CC8-A52E-AF48F000384A}.ExportDebug|x64.ActiveCfg = Debug|Any CPU
		{2FC8CD4C-E523-4CC8-A52E-AF48F000384A}.ExportDebug|x64.Build.0 = Debug|Any CPU
		{2FC8CD4C-E523-4CC8-A52E-AF48F000384A}.ExportDebug|x86.ActiveCfg = Debug|Any CPU
		{2FC8CD4C-E523-4CC8-A52E-AF48F000384A}.ExportDebug|x86.Build.0 = Debug|Any CPU
		{2FC8CD4C-E523-4CC8-A52E-AF48F000384A}.ExportRelease|Any CPU.ActiveCfg = Release|Any CPU
		{2FC8CD4C-E523-4CC8-A52E-AF48F000384A}.ExportRelease|Any CPU.Build.0 = Release|Any CPU
		{2FC8CD4C-E523-4CC8-A52E-AF48F000384A}.ExportRelease|ARM.ActiveCfg = Release|Any CPU
		{2FC8CD4C-E523-4CC8-A52E-AF48F000384A}.ExportRelease|ARM.Build.0 = Release|Any CPU
		{2FC8CD4C-E523-4CC8-A52E-AF48F000384A}.ExportRelease|ARM64.ActiveCfg = Release|Any CPU
		{2FC8CD4C-E523-4CC8-A52E-AF48F000384A}.ExportRelease|ARM64.Build.0 = Release|Any CPU
		{2FC8CD4C-E523-4CC8-A52E-AF48F000384A}.ExportRelease|x64.ActiveCfg = Release|Any CPU
		{2FC8CD4C-E523-4CC8-A52E-AF48F000384A}.ExportRelease|x64.Build.0 = Release|Any CPU
		{2FC8CD4C-E523-4CC8-A52E-AF48F000384A}.ExportRelease|x86.ActiveCfg = Release|Any CPU
		{2FC8CD4C-E523-4CC8-A52E-AF48F000384A}.ExportRelease|x86.Build.0 = Release|Any CPU
		{2FC8CD4C-E523-4CC8-A52E-AF48F000384A}.Release|Any CPU.ActiveCfg = Release|Any CPU
		{2FC8CD4C-E523-4CC8-A52E-AF48F000384A}.Release|Any CPU.Build.0 = Release|Any CPU
		{2FC8CD4C-E523-4CC8-A52E-AF48F000384A}.Release|ARM.ActiveCfg = Release|Any CPU
		{2FC8CD4C-E523-4CC8-A52E-AF48F000384A}.Release|ARM.Build.0 = Release|Any CPU
		{2FC8CD4C-E523-4CC8-A52E-AF48F000384A}.Release|ARM64.ActiveCfg = Release|Any CPU
		{2FC8CD4C-E523-4CC8-A52E-AF48F000384A}.Release|ARM64.Build.0 = Release|Any CPU
		{2FC8CD4C-E523-4CC8-A52E-AF48F000384A}.Release|x64.ActiveCfg = Release|Any CPU
		{2FC8CD4C-E523-4CC8-A52E-AF48F000384A}.Release|x64.Build.0 = Release|Any CPU
		{2FC8CD4C-E523-4CC8-A52E-AF48F000384A}.Release|x86.ActiveCfg = Release|Any CPU
		{2FC8CD4C-E523-4CC8-A52E-AF48F000384A}.Release|x86.Build.0 = Release|Any CPU
		{CDDAAA11-B7C3-485C-B94D-5BEFC054F002}.Debug|Any CPU.ActiveCfg = Debug|Any CPU
		{CDDAAA11-B7C3-485C-B94D-5BEFC054F002}.Debug|Any CPU.Build.0 = Debug|Any CPU
		{CDDAAA11-B7C3-485C-B94D-5BEFC054F002}.Debug|Any CPU.Deploy.0 = Debug|Any CPU
		{CDDAAA11-B7C3-485C-B94D-5BEFC054F002}.Debug|ARM.ActiveCfg = Debug|Any CPU
		{CDDAAA11-B7C3-485C-B94D-5BEFC054F002}.Debug|ARM.Build.0 = Debug|Any CPU
		{CDDAAA11-B7C3-485C-B94D-5BEFC054F002}.Debug|ARM.Deploy.0 = Debug|Any CPU
		{CDDAAA11-B7C3-485C-B94D-5BEFC054F002}.Debug|ARM64.ActiveCfg = Debug|Any CPU
		{CDDAAA11-B7C3-485C-B94D-5BEFC054F002}.Debug|ARM64.Build.0 = Debug|Any CPU
		{CDDAAA11-B7C3-485C-B94D-5BEFC054F002}.Debug|ARM64.Deploy.0 = Debug|Any CPU
		{CDDAAA11-B7C3-485C-B94D-5BEFC054F002}.Debug|x64.ActiveCfg = Debug|Any CPU
		{CDDAAA11-B7C3-485C-B94D-5BEFC054F002}.Debug|x64.Build.0 = Debug|Any CPU
		{CDDAAA11-B7C3-485C-B94D-5BEFC054F002}.Debug|x64.Deploy.0 = Debug|Any CPU
		{CDDAAA11-B7C3-485C-B94D-5BEFC054F002}.Debug|x86.ActiveCfg = Debug|Any CPU
		{CDDAAA11-B7C3-485C-B94D-5BEFC054F002}.Debug|x86.Build.0 = Debug|Any CPU
		{CDDAAA11-B7C3-485C-B94D-5BEFC054F002}.Debug|x86.Deploy.0 = Debug|Any CPU
		{CDDAAA11-B7C3-485C-B94D-5BEFC054F002}.ExportDebug|Any CPU.ActiveCfg = Debug|Any CPU
		{CDDAAA11-B7C3-485C-B94D-5BEFC054F002}.ExportDebug|Any CPU.Build.0 = Debug|Any CPU
		{CDDAAA11-B7C3-485C-B94D-5BEFC054F002}.ExportDebug|Any CPU.Deploy.0 = Debug|Any CPU
		{CDDAAA11-B7C3-485C-B94D-5BEFC054F002}.ExportDebug|ARM.ActiveCfg = Debug|Any CPU
		{CDDAAA11-B7C3-485C-B94D-5BEFC054F002}.ExportDebug|ARM.Build.0 = Debug|Any CPU
		{CDDAAA11-B7C3-485C-B94D-5BEFC054F002}.ExportDebug|ARM.Deploy.0 = Debug|Any CPU
		{CDDAAA11-B7C3-485C-B94D-5BEFC054F002}.ExportDebug|ARM64.ActiveCfg = Debug|Any CPU
		{CDDAAA11-B7C3-485C-B94D-5BEFC054F002}.ExportDebug|ARM64.Build.0 = Debug|Any CPU
		{CDDAAA11-B7C3-485C-B94D-5BEFC054F002}.ExportDebug|ARM64.Deploy.0 = Debug|Any CPU
		{CDDAAA11-B7C3-485C-B94D-5BEFC054F002}.ExportDebug|x64.ActiveCfg = Debug|Any CPU
		{CDDAAA11-B7C3-485C-B94D-5BEFC054F002}.ExportDebug|x64.Build.0 = Debug|Any CPU
		{CDDAAA11-B7C3-485C-B94D-5BEFC054F002}.ExportDebug|x64.Deploy.0 = Debug|Any CPU
		{CDDAAA11-B7C3-485C-B94D-5BEFC054F002}.ExportDebug|x86.ActiveCfg = Debug|Any CPU
		{CDDAAA11-B7C3-485C-B94D-5BEFC054F002}.ExportDebug|x86.Build.0 = Debug|Any CPU
		{CDDAAA11-B7C3-485C-B94D-5BEFC054F002}.ExportDebug|x86.Deploy.0 = Debug|Any CPU
		{CDDAAA11-B7C3-485C-B94D-5BEFC054F002}.ExportRelease|Any CPU.ActiveCfg = Release|Any CPU
		{CDDAAA11-B7C3-485C-B94D-5BEFC054F002}.ExportRelease|Any CPU.Build.0 = Release|Any CPU
		{CDDAAA11-B7C3-485C-B94D-5BEFC054F002}.ExportRelease|Any CPU.Deploy.0 = Release|Any CPU
		{CDDAAA11-B7C3-485C-B94D-5BEFC054F002}.ExportRelease|ARM.ActiveCfg = Release|Any CPU
		{CDDAAA11-B7C3-485C-B94D-5BEFC054F002}.ExportRelease|ARM.Build.0 = Release|Any CPU
		{CDDAAA11-B7C3-485C-B94D-5BEFC054F002}.ExportRelease|ARM.Deploy.0 = Release|Any CPU
		{CDDAAA11-B7C3-485C-B94D-5BEFC054F002}.ExportRelease|ARM64.ActiveCfg = Release|Any CPU
		{CDDAAA11-B7C3-485C-B94D-5BEFC054F002}.ExportRelease|ARM64.Build.0 = Release|Any CPU
		{CDDAAA11-B7C3-485C-B94D-5BEFC054F002}.ExportRelease|ARM64.Deploy.0 = Release|Any CPU
		{CDDAAA11-B7C3-485C-B94D-5BEFC054F002}.ExportRelease|x64.ActiveCfg = Release|Any CPU
		{CDDAAA11-B7C3-485C-B94D-5BEFC054F002}.ExportRelease|x64.Build.0 = Release|Any CPU
		{CDDAAA11-B7C3-485C-B94D-5BEFC054F002}.ExportRelease|x64.Deploy.0 = Release|Any CPU
		{CDDAAA11-B7C3-485C-B94D-5BEFC054F002}.ExportRelease|x86.ActiveCfg = Release|Any CPU
		{CDDAAA11-B7C3-485C-B94D-5BEFC054F002}.ExportRelease|x86.Build.0 = Release|Any CPU
		{CDDAAA11-B7C3-485C-B94D-5BEFC054F002}.ExportRelease|x86.Deploy.0 = Release|Any CPU
		{CDDAAA11-B7C3-485C-B94D-5BEFC054F002}.Release|Any CPU.ActiveCfg = Release|Any CPU
		{CDDAAA11-B7C3-485C-B94D-5BEFC054F002}.Release|Any CPU.Build.0 = Release|Any CPU
		{CDDAAA11-B7C3-485C-B94D-5BEFC054F002}.Release|Any CPU.Deploy.0 = Release|Any CPU
		{CDDAAA11-B7C3-485C-B94D-5BEFC054F002}.Release|ARM.ActiveCfg = Release|Any CPU
		{CDDAAA11-B7C3-485C-B94D-5BEFC054F002}.Release|ARM.Build.0 = Release|Any CPU
		{CDDAAA11-B7C3-485C-B94D-5BEFC054F002}.Release|ARM.Deploy.0 = Release|Any CPU
		{CDDAAA11-B7C3-485C-B94D-5BEFC054F002}.Release|ARM64.ActiveCfg = Release|Any CPU
		{CDDAAA11-B7C3-485C-B94D-5BEFC054F002}.Release|ARM64.Build.0 = Release|Any CPU
		{CDDAAA11-B7C3-485C-B94D-5BEFC054F002}.Release|ARM64.Deploy.0 = Release|Any CPU
		{CDDAAA11-B7C3-485C-B94D-5BEFC054F002}.Release|x64.ActiveCfg = Release|Any CPU
		{CDDAAA11-B7C3-485C-B94D-5BEFC054F002}.Release|x64.Build.0 = Release|Any CPU
		{CDDAAA11-B7C3-485C-B94D-5BEFC054F002}.Release|x64.Deploy.0 = Release|Any CPU
		{CDDAAA11-B7C3-485C-B94D-5BEFC054F002}.Release|x86.ActiveCfg = Release|Any CPU
		{CDDAAA11-B7C3-485C-B94D-5BEFC054F002}.Release|x86.Build.0 = Release|Any CPU
		{CDDAAA11-B7C3-485C-B94D-5BEFC054F002}.Release|x86.Deploy.0 = Release|Any CPU
	EndGlobalSection
	GlobalSection(SolutionProperties) = preSolution
		HideSolutionNode = FALSE
	EndGlobalSection
	GlobalSection(NestedProjects) = preSolution
		{E932D814-0FF5-43F1-AD4B-258567DE6160} = {AC8E8AD2-11E0-45B9-83C0-92EA01B8C35D}
		{45B6A46A-241E-40BA-9094-FD6477B7A4C7} = {1C348BE5-DAE6-427E-8656-AFE4C04E71FE}
		{2EF7DC97-9E3E-47FD-8F2D-A44977CC9485} = {1A6B5F9A-EEFA-4E81-B2AC-062094930C71}
		{E7BBDEC3-7B24-4BB5-B2CB-A92DD30750A7} = {1C348BE5-DAE6-427E-8656-AFE4C04E71FE}
		{0ACBBF31-3FFA-480A-8B97-D1EDB3B1070D} = {22090651-387D-4E47-BF87-4B854DCE5DB1}
		{0C09F210-19E8-447B-9AA9-62543FF90324} = {1A6B5F9A-EEFA-4E81-B2AC-062094930C71}
		{68AEBA8E-0939-41D3-81F7-2F024E125CAE} = {1C348BE5-DAE6-427E-8656-AFE4C04E71FE}
		{A8C6E3F8-A509-448F-91F4-B66CE8DC77E0} = {0DB81108-8D98-46C4-9F2F-CE7F6E43CD80}
		{86678D03-21C1-4CD2-BF19-F86127E02A96} = {AC8E8AD2-11E0-45B9-83C0-92EA01B8C35D}
		{8EFBA311-909D-4034-ADCD-6A12ED13F040} = {AC8E8AD2-11E0-45B9-83C0-92EA01B8C35D}
		{399E99FD-C506-402C-9C7A-7B56A7439DB9} = {AC8E8AD2-11E0-45B9-83C0-92EA01B8C35D}
		{3EA28423-7FE2-4DEF-92C7-70C25E287C31} = {AC8E8AD2-11E0-45B9-83C0-92EA01B8C35D}
		{23695E97-042B-4598-B4C5-D718F119DD92} = {0DB81108-8D98-46C4-9F2F-CE7F6E43CD80}
		{56E195EA-2BC2-4011-87EC-8CB71A1B0667} = {22090651-387D-4E47-BF87-4B854DCE5DB1}
		{2FC8CD4C-E523-4CC8-A52E-AF48F000384A} = {22090651-387D-4E47-BF87-4B854DCE5DB1}
		{CDDAAA11-B7C3-485C-B94D-5BEFC054F002} = {22090651-387D-4E47-BF87-4B854DCE5DB1}
	EndGlobalSection
	GlobalSection(ExtensibilityGlobals) = postSolution
		SolutionGuid = {7DB834FE-21C4-4AE7-B612-2D0EB7EF458F}
	EndGlobalSection
EndGlobal
