
Microsoft Visual Studio Solution File, Format Version 12.00
# Visual Studio Version 17
VisualStudioVersion = 17.1.31911.260
MinimumVisualStudioVersion = 10.0.40219.1
Project("{9A19103F-16F7-4668-BE54-9A1E7A4F7556}") = "Rhubarb_VR_DotNet", "Platforms\Rhubarb_VR_DotNet\Rhubarb_VR_DotNet.csproj", "{2930BBFF-27E8-449A-A6F4-24642C573178}"
EndProject
Project("{2150E333-8FDC-42A3-9474-1A3956D46DE8}") = "Platforms", "Platforms", "{22090651-387D-4E47-BF87-4B854DCE5DB1}"
EndProject
Project("{FAE04EC0-301F-11D3-BF4B-00C04F79EFBC}") = "Rhubarb_VR_Android", "Platforms\Rhubarb_VR_Android\Rhubarb_VR_Android.csproj", "{A65277DE-2E53-4E19-AE7C-100EDDD3D8B3}"
EndProject
Project("{9A19103F-16F7-4668-BE54-9A1E7A4F7556}") = "SharedModels", "SharedModels\SharedModels.csproj", "{E932D814-0FF5-43F1-AD4B-258567DE6160}"
EndProject
Project("{9A19103F-16F7-4668-BE54-9A1E7A4F7556}") = "OpusDotNet", "OpusDotNet\OpusDotNet.csproj", "{45B6A46A-241E-40BA-9094-FD6477B7A4C7}"
EndProject
Project("{9A19103F-16F7-4668-BE54-9A1E7A4F7556}") = "RhuEngine", "RhuEngine\RhuEngine.csproj", "{BA137C65-0C37-4BAE-A892-437C0A24DF63}"
EndProject
Project("{9A19103F-16F7-4668-BE54-9A1E7A4F7556}") = "RhuEngineTests", "RhuEngineTests\RhuEngineTests.csproj", "{2EF7DC97-9E3E-47FD-8F2D-A44977CC9485}"
EndProject
Project("{2150E333-8FDC-42A3-9474-1A3956D46DE8}") = "Other", "Other", "{0CECEEEE-3BDA-4123-9510-99BA1B1D55F6}"
	ProjectSection(SolutionItems) = preProject
		.editorconfig = .editorconfig
		.gitignore = .gitignore
		LICENSE = LICENSE
		README.md = README.md
	EndProjectSection
EndProject
Project("{2150E333-8FDC-42A3-9474-1A3956D46DE8}") = "Libs", "Libs", "{1C348BE5-DAE6-427E-8656-AFE4C04E71FE}"
EndProject
Project("{2150E333-8FDC-42A3-9474-1A3956D46DE8}") = "Tools", "Tools", "{0DB81108-8D98-46C4-9F2F-CE7F6E43CD80}"
EndProject
Project("{FAE04EC0-301F-11D3-BF4B-00C04F79EFBC}") = "Rhubarb_VR_UWP", "Platforms\Rhubarb_VR_UWP\Rhubarb_VR_UWP.csproj", "{4F693D80-51B1-48F6-9752-509D8E2EDD97}"
EndProject
Project("{9A19103F-16F7-4668-BE54-9A1E7A4F7556}") = "RStereoKit", "RStereoKit\RStereoKit.csproj", "{7371625B-2753-4082-9191-F38D39ACD942}"
EndProject
Project("{9A19103F-16F7-4668-BE54-9A1E7A4F7556}") = "RNumerics", "RNumerics\RNumerics.csproj", "{E7BBDEC3-7B24-4BB5-B2CB-A92DD30750A7}"
EndProject
Project("{9A19103F-16F7-4668-BE54-9A1E7A4F7556}") = "Rhubarb_VR_HeadLess", "Rhubarb_VR_HeadLess\Rhubarb_VR_HeadLess.csproj", "{0ACBBF31-3FFA-480A-8B97-D1EDB3B1070D}"
EndProject
Project("{2150E333-8FDC-42A3-9474-1A3956D46DE8}") = "Physics", "Physics", "{6C72D24B-11FE-4D55-9999-FF0D5C444447}"
EndProject
Project("{FAE04EC0-301F-11D3-BF4B-00C04F79EFBC}") = "RBullet", "RBullet\RBullet.csproj", "{25536488-D768-44B0-A9E0-2AF92400E291}"
EndProject
Global
	GlobalSection(SolutionConfigurationPlatforms) = preSolution
		Debug|Any CPU = Debug|Any CPU
		Debug|ARM = Debug|ARM
		Debug|ARM64 = Debug|ARM64
		Debug|x64 = Debug|x64
		Debug|x86 = Debug|x86
		Release|Any CPU = Release|Any CPU
		Release|ARM = Release|ARM
		Release|ARM64 = Release|ARM64
		Release|x64 = Release|x64
		Release|x86 = Release|x86
	EndGlobalSection
	GlobalSection(ProjectConfigurationPlatforms) = postSolution
		{2930BBFF-27E8-449A-A6F4-24642C573178}.Debug|Any CPU.ActiveCfg = Debug|Any CPU
		{2930BBFF-27E8-449A-A6F4-24642C573178}.Debug|Any CPU.Build.0 = Debug|Any CPU
		{2930BBFF-27E8-449A-A6F4-24642C573178}.Debug|ARM.ActiveCfg = Debug|Any CPU
		{2930BBFF-27E8-449A-A6F4-24642C573178}.Debug|ARM.Build.0 = Debug|Any CPU
		{2930BBFF-27E8-449A-A6F4-24642C573178}.Debug|ARM64.ActiveCfg = Debug|Any CPU
		{2930BBFF-27E8-449A-A6F4-24642C573178}.Debug|ARM64.Build.0 = Debug|Any CPU
		{2930BBFF-27E8-449A-A6F4-24642C573178}.Debug|x64.ActiveCfg = Debug|Any CPU
		{2930BBFF-27E8-449A-A6F4-24642C573178}.Debug|x64.Build.0 = Debug|Any CPU
		{2930BBFF-27E8-449A-A6F4-24642C573178}.Debug|x86.ActiveCfg = Debug|Any CPU
		{2930BBFF-27E8-449A-A6F4-24642C573178}.Debug|x86.Build.0 = Debug|Any CPU
		{2930BBFF-27E8-449A-A6F4-24642C573178}.Release|Any CPU.ActiveCfg = Release|Any CPU
		{2930BBFF-27E8-449A-A6F4-24642C573178}.Release|Any CPU.Build.0 = Release|Any CPU
		{2930BBFF-27E8-449A-A6F4-24642C573178}.Release|ARM.ActiveCfg = Release|Any CPU
		{2930BBFF-27E8-449A-A6F4-24642C573178}.Release|ARM.Build.0 = Release|Any CPU
		{2930BBFF-27E8-449A-A6F4-24642C573178}.Release|ARM64.ActiveCfg = Release|Any CPU
		{2930BBFF-27E8-449A-A6F4-24642C573178}.Release|ARM64.Build.0 = Release|Any CPU
		{2930BBFF-27E8-449A-A6F4-24642C573178}.Release|x64.ActiveCfg = Release|Any CPU
		{2930BBFF-27E8-449A-A6F4-24642C573178}.Release|x64.Build.0 = Release|Any CPU
		{2930BBFF-27E8-449A-A6F4-24642C573178}.Release|x86.ActiveCfg = Release|Any CPU
		{2930BBFF-27E8-449A-A6F4-24642C573178}.Release|x86.Build.0 = Release|Any CPU
		{A65277DE-2E53-4E19-AE7C-100EDDD3D8B3}.Debug|Any CPU.ActiveCfg = Debug|Any CPU
		{A65277DE-2E53-4E19-AE7C-100EDDD3D8B3}.Debug|Any CPU.Build.0 = Debug|Any CPU
		{A65277DE-2E53-4E19-AE7C-100EDDD3D8B3}.Debug|Any CPU.Deploy.0 = Debug|Any CPU
		{A65277DE-2E53-4E19-AE7C-100EDDD3D8B3}.Debug|ARM.ActiveCfg = Debug|Any CPU
		{A65277DE-2E53-4E19-AE7C-100EDDD3D8B3}.Debug|ARM.Build.0 = Debug|Any CPU
		{A65277DE-2E53-4E19-AE7C-100EDDD3D8B3}.Debug|ARM.Deploy.0 = Debug|Any CPU
		{A65277DE-2E53-4E19-AE7C-100EDDD3D8B3}.Debug|ARM64.ActiveCfg = Debug|Any CPU
		{A65277DE-2E53-4E19-AE7C-100EDDD3D8B3}.Debug|ARM64.Build.0 = Debug|Any CPU
		{A65277DE-2E53-4E19-AE7C-100EDDD3D8B3}.Debug|ARM64.Deploy.0 = Debug|Any CPU
		{A65277DE-2E53-4E19-AE7C-100EDDD3D8B3}.Debug|x64.ActiveCfg = Debug|Any CPU
		{A65277DE-2E53-4E19-AE7C-100EDDD3D8B3}.Debug|x64.Build.0 = Debug|Any CPU
		{A65277DE-2E53-4E19-AE7C-100EDDD3D8B3}.Debug|x64.Deploy.0 = Debug|Any CPU
		{A65277DE-2E53-4E19-AE7C-100EDDD3D8B3}.Debug|x86.ActiveCfg = Debug|Any CPU
		{A65277DE-2E53-4E19-AE7C-100EDDD3D8B3}.Debug|x86.Build.0 = Debug|Any CPU
		{A65277DE-2E53-4E19-AE7C-100EDDD3D8B3}.Debug|x86.Deploy.0 = Debug|Any CPU
		{A65277DE-2E53-4E19-AE7C-100EDDD3D8B3}.Release|Any CPU.ActiveCfg = Release|Any CPU
		{A65277DE-2E53-4E19-AE7C-100EDDD3D8B3}.Release|Any CPU.Build.0 = Release|Any CPU
		{A65277DE-2E53-4E19-AE7C-100EDDD3D8B3}.Release|Any CPU.Deploy.0 = Release|Any CPU
		{A65277DE-2E53-4E19-AE7C-100EDDD3D8B3}.Release|ARM.ActiveCfg = Release|Any CPU
		{A65277DE-2E53-4E19-AE7C-100EDDD3D8B3}.Release|ARM.Build.0 = Release|Any CPU
		{A65277DE-2E53-4E19-AE7C-100EDDD3D8B3}.Release|ARM.Deploy.0 = Release|Any CPU
		{A65277DE-2E53-4E19-AE7C-100EDDD3D8B3}.Release|ARM64.ActiveCfg = Release|Any CPU
		{A65277DE-2E53-4E19-AE7C-100EDDD3D8B3}.Release|ARM64.Build.0 = Release|Any CPU
		{A65277DE-2E53-4E19-AE7C-100EDDD3D8B3}.Release|ARM64.Deploy.0 = Release|Any CPU
		{A65277DE-2E53-4E19-AE7C-100EDDD3D8B3}.Release|x64.ActiveCfg = Release|Any CPU
		{A65277DE-2E53-4E19-AE7C-100EDDD3D8B3}.Release|x64.Build.0 = Release|Any CPU
		{A65277DE-2E53-4E19-AE7C-100EDDD3D8B3}.Release|x64.Deploy.0 = Release|Any CPU
		{A65277DE-2E53-4E19-AE7C-100EDDD3D8B3}.Release|x86.ActiveCfg = Release|Any CPU
		{A65277DE-2E53-4E19-AE7C-100EDDD3D8B3}.Release|x86.Build.0 = Release|Any CPU
		{A65277DE-2E53-4E19-AE7C-100EDDD3D8B3}.Release|x86.Deploy.0 = Release|Any CPU
		{E932D814-0FF5-43F1-AD4B-258567DE6160}.Debug|Any CPU.ActiveCfg = Debug|Any CPU
		{E932D814-0FF5-43F1-AD4B-258567DE6160}.Debug|Any CPU.Build.0 = Debug|Any CPU
		{E932D814-0FF5-43F1-AD4B-258567DE6160}.Debug|ARM.ActiveCfg = Debug|Any CPU
		{E932D814-0FF5-43F1-AD4B-258567DE6160}.Debug|ARM.Build.0 = Debug|Any CPU
		{E932D814-0FF5-43F1-AD4B-258567DE6160}.Debug|ARM64.ActiveCfg = Debug|Any CPU
		{E932D814-0FF5-43F1-AD4B-258567DE6160}.Debug|ARM64.Build.0 = Debug|Any CPU
		{E932D814-0FF5-43F1-AD4B-258567DE6160}.Debug|x64.ActiveCfg = Debug|Any CPU
		{E932D814-0FF5-43F1-AD4B-258567DE6160}.Debug|x64.Build.0 = Debug|Any CPU
		{E932D814-0FF5-43F1-AD4B-258567DE6160}.Debug|x86.ActiveCfg = Debug|Any CPU
		{E932D814-0FF5-43F1-AD4B-258567DE6160}.Debug|x86.Build.0 = Debug|Any CPU
		{E932D814-0FF5-43F1-AD4B-258567DE6160}.Release|Any CPU.ActiveCfg = Release|Any CPU
		{E932D814-0FF5-43F1-AD4B-258567DE6160}.Release|Any CPU.Build.0 = Release|Any CPU
		{E932D814-0FF5-43F1-AD4B-258567DE6160}.Release|ARM.ActiveCfg = Release|Any CPU
		{E932D814-0FF5-43F1-AD4B-258567DE6160}.Release|ARM.Build.0 = Release|Any CPU
		{E932D814-0FF5-43F1-AD4B-258567DE6160}.Release|ARM64.ActiveCfg = Release|Any CPU
		{E932D814-0FF5-43F1-AD4B-258567DE6160}.Release|ARM64.Build.0 = Release|Any CPU
		{E932D814-0FF5-43F1-AD4B-258567DE6160}.Release|x64.ActiveCfg = Release|Any CPU
		{E932D814-0FF5-43F1-AD4B-258567DE6160}.Release|x64.Build.0 = Release|Any CPU
		{E932D814-0FF5-43F1-AD4B-258567DE6160}.Release|x86.ActiveCfg = Release|Any CPU
		{E932D814-0FF5-43F1-AD4B-258567DE6160}.Release|x86.Build.0 = Release|Any CPU
		{45B6A46A-241E-40BA-9094-FD6477B7A4C7}.Debug|Any CPU.ActiveCfg = Debug|Any CPU
		{45B6A46A-241E-40BA-9094-FD6477B7A4C7}.Debug|Any CPU.Build.0 = Debug|Any CPU
		{45B6A46A-241E-40BA-9094-FD6477B7A4C7}.Debug|ARM.ActiveCfg = Debug|Any CPU
		{45B6A46A-241E-40BA-9094-FD6477B7A4C7}.Debug|ARM.Build.0 = Debug|Any CPU
		{45B6A46A-241E-40BA-9094-FD6477B7A4C7}.Debug|ARM64.ActiveCfg = Debug|Any CPU
		{45B6A46A-241E-40BA-9094-FD6477B7A4C7}.Debug|ARM64.Build.0 = Debug|Any CPU
		{45B6A46A-241E-40BA-9094-FD6477B7A4C7}.Debug|x64.ActiveCfg = Debug|Any CPU
		{45B6A46A-241E-40BA-9094-FD6477B7A4C7}.Debug|x64.Build.0 = Debug|Any CPU
		{45B6A46A-241E-40BA-9094-FD6477B7A4C7}.Debug|x86.ActiveCfg = Debug|Any CPU
		{45B6A46A-241E-40BA-9094-FD6477B7A4C7}.Debug|x86.Build.0 = Debug|Any CPU
		{45B6A46A-241E-40BA-9094-FD6477B7A4C7}.Release|Any CPU.ActiveCfg = Release|Any CPU
		{45B6A46A-241E-40BA-9094-FD6477B7A4C7}.Release|Any CPU.Build.0 = Release|Any CPU
		{45B6A46A-241E-40BA-9094-FD6477B7A4C7}.Release|ARM.ActiveCfg = Release|Any CPU
		{45B6A46A-241E-40BA-9094-FD6477B7A4C7}.Release|ARM.Build.0 = Release|Any CPU
		{45B6A46A-241E-40BA-9094-FD6477B7A4C7}.Release|ARM64.ActiveCfg = Release|Any CPU
		{45B6A46A-241E-40BA-9094-FD6477B7A4C7}.Release|ARM64.Build.0 = Release|Any CPU
		{45B6A46A-241E-40BA-9094-FD6477B7A4C7}.Release|x64.ActiveCfg = Release|Any CPU
		{45B6A46A-241E-40BA-9094-FD6477B7A4C7}.Release|x64.Build.0 = Release|Any CPU
		{45B6A46A-241E-40BA-9094-FD6477B7A4C7}.Release|x86.ActiveCfg = Release|Any CPU
		{45B6A46A-241E-40BA-9094-FD6477B7A4C7}.Release|x86.Build.0 = Release|Any CPU
		{BA137C65-0C37-4BAE-A892-437C0A24DF63}.Debug|Any CPU.ActiveCfg = Debug|Any CPU
		{BA137C65-0C37-4BAE-A892-437C0A24DF63}.Debug|Any CPU.Build.0 = Debug|Any CPU
		{BA137C65-0C37-4BAE-A892-437C0A24DF63}.Debug|ARM.ActiveCfg = Debug|Any CPU
		{BA137C65-0C37-4BAE-A892-437C0A24DF63}.Debug|ARM.Build.0 = Debug|Any CPU
		{BA137C65-0C37-4BAE-A892-437C0A24DF63}.Debug|ARM64.ActiveCfg = Debug|Any CPU
		{BA137C65-0C37-4BAE-A892-437C0A24DF63}.Debug|ARM64.Build.0 = Debug|Any CPU
		{BA137C65-0C37-4BAE-A892-437C0A24DF63}.Debug|x64.ActiveCfg = Debug|Any CPU
		{BA137C65-0C37-4BAE-A892-437C0A24DF63}.Debug|x64.Build.0 = Debug|Any CPU
		{BA137C65-0C37-4BAE-A892-437C0A24DF63}.Debug|x86.ActiveCfg = Debug|Any CPU
		{BA137C65-0C37-4BAE-A892-437C0A24DF63}.Debug|x86.Build.0 = Debug|Any CPU
		{BA137C65-0C37-4BAE-A892-437C0A24DF63}.Release|Any CPU.ActiveCfg = Release|Any CPU
		{BA137C65-0C37-4BAE-A892-437C0A24DF63}.Release|Any CPU.Build.0 = Release|Any CPU
		{BA137C65-0C37-4BAE-A892-437C0A24DF63}.Release|ARM.ActiveCfg = Release|Any CPU
		{BA137C65-0C37-4BAE-A892-437C0A24DF63}.Release|ARM.Build.0 = Release|Any CPU
		{BA137C65-0C37-4BAE-A892-437C0A24DF63}.Release|ARM64.ActiveCfg = Release|Any CPU
		{BA137C65-0C37-4BAE-A892-437C0A24DF63}.Release|ARM64.Build.0 = Release|Any CPU
		{BA137C65-0C37-4BAE-A892-437C0A24DF63}.Release|x64.ActiveCfg = Release|Any CPU
		{BA137C65-0C37-4BAE-A892-437C0A24DF63}.Release|x64.Build.0 = Release|Any CPU
		{BA137C65-0C37-4BAE-A892-437C0A24DF63}.Release|x86.ActiveCfg = Release|Any CPU
		{BA137C65-0C37-4BAE-A892-437C0A24DF63}.Release|x86.Build.0 = Release|Any CPU
		{2EF7DC97-9E3E-47FD-8F2D-A44977CC9485}.Debug|Any CPU.ActiveCfg = Debug|Any CPU
		{2EF7DC97-9E3E-47FD-8F2D-A44977CC9485}.Debug|Any CPU.Build.0 = Debug|Any CPU
		{2EF7DC97-9E3E-47FD-8F2D-A44977CC9485}.Debug|ARM.ActiveCfg = Debug|Any CPU
		{2EF7DC97-9E3E-47FD-8F2D-A44977CC9485}.Debug|ARM.Build.0 = Debug|Any CPU
		{2EF7DC97-9E3E-47FD-8F2D-A44977CC9485}.Debug|ARM64.ActiveCfg = Debug|Any CPU
		{2EF7DC97-9E3E-47FD-8F2D-A44977CC9485}.Debug|ARM64.Build.0 = Debug|Any CPU
		{2EF7DC97-9E3E-47FD-8F2D-A44977CC9485}.Debug|x64.ActiveCfg = Debug|Any CPU
		{2EF7DC97-9E3E-47FD-8F2D-A44977CC9485}.Debug|x64.Build.0 = Debug|Any CPU
		{2EF7DC97-9E3E-47FD-8F2D-A44977CC9485}.Debug|x86.ActiveCfg = Debug|Any CPU
		{2EF7DC97-9E3E-47FD-8F2D-A44977CC9485}.Debug|x86.Build.0 = Debug|Any CPU
		{2EF7DC97-9E3E-47FD-8F2D-A44977CC9485}.Release|Any CPU.ActiveCfg = Release|Any CPU
		{2EF7DC97-9E3E-47FD-8F2D-A44977CC9485}.Release|Any CPU.Build.0 = Release|Any CPU
		{2EF7DC97-9E3E-47FD-8F2D-A44977CC9485}.Release|ARM.ActiveCfg = Release|Any CPU
		{2EF7DC97-9E3E-47FD-8F2D-A44977CC9485}.Release|ARM.Build.0 = Release|Any CPU
		{2EF7DC97-9E3E-47FD-8F2D-A44977CC9485}.Release|ARM64.ActiveCfg = Release|Any CPU
		{2EF7DC97-9E3E-47FD-8F2D-A44977CC9485}.Release|ARM64.Build.0 = Release|Any CPU
		{2EF7DC97-9E3E-47FD-8F2D-A44977CC9485}.Release|x64.ActiveCfg = Release|Any CPU
		{2EF7DC97-9E3E-47FD-8F2D-A44977CC9485}.Release|x64.Build.0 = Release|Any CPU
		{2EF7DC97-9E3E-47FD-8F2D-A44977CC9485}.Release|x86.ActiveCfg = Release|Any CPU
		{2EF7DC97-9E3E-47FD-8F2D-A44977CC9485}.Release|x86.Build.0 = Release|Any CPU
		{4F693D80-51B1-48F6-9752-509D8E2EDD97}.Debug|Any CPU.ActiveCfg = Debug|Any CPU
		{4F693D80-51B1-48F6-9752-509D8E2EDD97}.Debug|Any CPU.Build.0 = Debug|Any CPU
		{4F693D80-51B1-48F6-9752-509D8E2EDD97}.Debug|Any CPU.Deploy.0 = Debug|Any CPU
		{4F693D80-51B1-48F6-9752-509D8E2EDD97}.Debug|ARM.ActiveCfg = Debug|ARM
		{4F693D80-51B1-48F6-9752-509D8E2EDD97}.Debug|ARM.Build.0 = Debug|ARM
		{4F693D80-51B1-48F6-9752-509D8E2EDD97}.Debug|ARM.Deploy.0 = Debug|ARM
		{4F693D80-51B1-48F6-9752-509D8E2EDD97}.Debug|ARM64.ActiveCfg = Debug|ARM64
		{4F693D80-51B1-48F6-9752-509D8E2EDD97}.Debug|ARM64.Build.0 = Debug|ARM64
		{4F693D80-51B1-48F6-9752-509D8E2EDD97}.Debug|ARM64.Deploy.0 = Debug|ARM64
		{4F693D80-51B1-48F6-9752-509D8E2EDD97}.Debug|x64.ActiveCfg = Debug|x64
		{4F693D80-51B1-48F6-9752-509D8E2EDD97}.Debug|x64.Build.0 = Debug|x64
		{4F693D80-51B1-48F6-9752-509D8E2EDD97}.Debug|x64.Deploy.0 = Debug|x64
		{4F693D80-51B1-48F6-9752-509D8E2EDD97}.Debug|x86.ActiveCfg = Debug|x86
		{4F693D80-51B1-48F6-9752-509D8E2EDD97}.Debug|x86.Build.0 = Debug|x86
		{4F693D80-51B1-48F6-9752-509D8E2EDD97}.Debug|x86.Deploy.0 = Debug|x86
		{4F693D80-51B1-48F6-9752-509D8E2EDD97}.Release|Any CPU.ActiveCfg = Release|Any CPU
		{4F693D80-51B1-48F6-9752-509D8E2EDD97}.Release|Any CPU.Build.0 = Release|Any CPU
		{4F693D80-51B1-48F6-9752-509D8E2EDD97}.Release|Any CPU.Deploy.0 = Release|Any CPU
		{4F693D80-51B1-48F6-9752-509D8E2EDD97}.Release|ARM.ActiveCfg = Release|ARM
		{4F693D80-51B1-48F6-9752-509D8E2EDD97}.Release|ARM.Build.0 = Release|ARM
		{4F693D80-51B1-48F6-9752-509D8E2EDD97}.Release|ARM.Deploy.0 = Release|ARM
		{4F693D80-51B1-48F6-9752-509D8E2EDD97}.Release|ARM64.ActiveCfg = Release|ARM64
		{4F693D80-51B1-48F6-9752-509D8E2EDD97}.Release|ARM64.Build.0 = Release|ARM64
		{4F693D80-51B1-48F6-9752-509D8E2EDD97}.Release|ARM64.Deploy.0 = Release|ARM64
		{4F693D80-51B1-48F6-9752-509D8E2EDD97}.Release|x64.ActiveCfg = Release|x64
		{4F693D80-51B1-48F6-9752-509D8E2EDD97}.Release|x64.Build.0 = Release|x64
		{4F693D80-51B1-48F6-9752-509D8E2EDD97}.Release|x64.Deploy.0 = Release|x64
		{4F693D80-51B1-48F6-9752-509D8E2EDD97}.Release|x86.ActiveCfg = Release|x86
		{4F693D80-51B1-48F6-9752-509D8E2EDD97}.Release|x86.Build.0 = Release|x86
		{4F693D80-51B1-48F6-9752-509D8E2EDD97}.Release|x86.Deploy.0 = Release|x86
		{7371625B-2753-4082-9191-F38D39ACD942}.Debug|Any CPU.ActiveCfg = Debug|Any CPU
		{7371625B-2753-4082-9191-F38D39ACD942}.Debug|Any CPU.Build.0 = Debug|Any CPU
		{7371625B-2753-4082-9191-F38D39ACD942}.Debug|ARM.ActiveCfg = Debug|Any CPU
		{7371625B-2753-4082-9191-F38D39ACD942}.Debug|ARM.Build.0 = Debug|Any CPU
		{7371625B-2753-4082-9191-F38D39ACD942}.Debug|ARM64.ActiveCfg = Debug|Any CPU
		{7371625B-2753-4082-9191-F38D39ACD942}.Debug|ARM64.Build.0 = Debug|Any CPU
		{7371625B-2753-4082-9191-F38D39ACD942}.Debug|x64.ActiveCfg = Debug|Any CPU
		{7371625B-2753-4082-9191-F38D39ACD942}.Debug|x64.Build.0 = Debug|Any CPU
		{7371625B-2753-4082-9191-F38D39ACD942}.Debug|x86.ActiveCfg = Debug|Any CPU
		{7371625B-2753-4082-9191-F38D39ACD942}.Debug|x86.Build.0 = Debug|Any CPU
		{7371625B-2753-4082-9191-F38D39ACD942}.Release|Any CPU.ActiveCfg = Release|Any CPU
		{7371625B-2753-4082-9191-F38D39ACD942}.Release|Any CPU.Build.0 = Release|Any CPU
		{7371625B-2753-4082-9191-F38D39ACD942}.Release|ARM.ActiveCfg = Release|Any CPU
		{7371625B-2753-4082-9191-F38D39ACD942}.Release|ARM.Build.0 = Release|Any CPU
		{7371625B-2753-4082-9191-F38D39ACD942}.Release|ARM64.ActiveCfg = Release|Any CPU
		{7371625B-2753-4082-9191-F38D39ACD942}.Release|ARM64.Build.0 = Release|Any CPU
		{7371625B-2753-4082-9191-F38D39ACD942}.Release|x64.ActiveCfg = Release|Any CPU
		{7371625B-2753-4082-9191-F38D39ACD942}.Release|x64.Build.0 = Release|Any CPU
		{7371625B-2753-4082-9191-F38D39ACD942}.Release|x86.ActiveCfg = Release|Any CPU
		{7371625B-2753-4082-9191-F38D39ACD942}.Release|x86.Build.0 = Release|Any CPU
		{E7BBDEC3-7B24-4BB5-B2CB-A92DD30750A7}.Debug|Any CPU.ActiveCfg = Debug|Any CPU
		{E7BBDEC3-7B24-4BB5-B2CB-A92DD30750A7}.Debug|Any CPU.Build.0 = Debug|Any CPU
		{E7BBDEC3-7B24-4BB5-B2CB-A92DD30750A7}.Debug|ARM.ActiveCfg = Debug|Any CPU
		{E7BBDEC3-7B24-4BB5-B2CB-A92DD30750A7}.Debug|ARM.Build.0 = Debug|Any CPU
		{E7BBDEC3-7B24-4BB5-B2CB-A92DD30750A7}.Debug|ARM64.ActiveCfg = Debug|Any CPU
		{E7BBDEC3-7B24-4BB5-B2CB-A92DD30750A7}.Debug|ARM64.Build.0 = Debug|Any CPU
		{E7BBDEC3-7B24-4BB5-B2CB-A92DD30750A7}.Debug|x64.ActiveCfg = Debug|Any CPU
		{E7BBDEC3-7B24-4BB5-B2CB-A92DD30750A7}.Debug|x64.Build.0 = Debug|Any CPU
		{E7BBDEC3-7B24-4BB5-B2CB-A92DD30750A7}.Debug|x86.ActiveCfg = Debug|Any CPU
		{E7BBDEC3-7B24-4BB5-B2CB-A92DD30750A7}.Debug|x86.Build.0 = Debug|Any CPU
		{E7BBDEC3-7B24-4BB5-B2CB-A92DD30750A7}.Release|Any CPU.ActiveCfg = Release|Any CPU
		{E7BBDEC3-7B24-4BB5-B2CB-A92DD30750A7}.Release|Any CPU.Build.0 = Release|Any CPU
		{E7BBDEC3-7B24-4BB5-B2CB-A92DD30750A7}.Release|ARM.ActiveCfg = Release|Any CPU
		{E7BBDEC3-7B24-4BB5-B2CB-A92DD30750A7}.Release|ARM.Build.0 = Release|Any CPU
		{E7BBDEC3-7B24-4BB5-B2CB-A92DD30750A7}.Release|ARM64.ActiveCfg = Release|Any CPU
		{E7BBDEC3-7B24-4BB5-B2CB-A92DD30750A7}.Release|ARM64.Build.0 = Release|Any CPU
		{E7BBDEC3-7B24-4BB5-B2CB-A92DD30750A7}.Release|x64.ActiveCfg = Release|Any CPU
		{E7BBDEC3-7B24-4BB5-B2CB-A92DD30750A7}.Release|x64.Build.0 = Release|Any CPU
		{E7BBDEC3-7B24-4BB5-B2CB-A92DD30750A7}.Release|x86.ActiveCfg = Release|Any CPU
		{E7BBDEC3-7B24-4BB5-B2CB-A92DD30750A7}.Release|x86.Build.0 = Release|Any CPU
		{0ACBBF31-3FFA-480A-8B97-D1EDB3B1070D}.Debug|Any CPU.ActiveCfg = Debug|Any CPU
		{0ACBBF31-3FFA-480A-8B97-D1EDB3B1070D}.Debug|Any CPU.Build.0 = Debug|Any CPU
		{0ACBBF31-3FFA-480A-8B97-D1EDB3B1070D}.Debug|ARM.ActiveCfg = Debug|Any CPU
		{0ACBBF31-3FFA-480A-8B97-D1EDB3B1070D}.Debug|ARM.Build.0 = Debug|Any CPU
		{0ACBBF31-3FFA-480A-8B97-D1EDB3B1070D}.Debug|ARM64.ActiveCfg = Debug|Any CPU
		{0ACBBF31-3FFA-480A-8B97-D1EDB3B1070D}.Debug|ARM64.Build.0 = Debug|Any CPU
		{0ACBBF31-3FFA-480A-8B97-D1EDB3B1070D}.Debug|x64.ActiveCfg = Debug|Any CPU
		{0ACBBF31-3FFA-480A-8B97-D1EDB3B1070D}.Debug|x64.Build.0 = Debug|Any CPU
		{0ACBBF31-3FFA-480A-8B97-D1EDB3B1070D}.Debug|x86.ActiveCfg = Debug|Any CPU
		{0ACBBF31-3FFA-480A-8B97-D1EDB3B1070D}.Debug|x86.Build.0 = Debug|Any CPU
		{0ACBBF31-3FFA-480A-8B97-D1EDB3B1070D}.Release|Any CPU.ActiveCfg = Release|Any CPU
		{0ACBBF31-3FFA-480A-8B97-D1EDB3B1070D}.Release|Any CPU.Build.0 = Release|Any CPU
		{0ACBBF31-3FFA-480A-8B97-D1EDB3B1070D}.Release|ARM.ActiveCfg = Release|Any CPU
		{0ACBBF31-3FFA-480A-8B97-D1EDB3B1070D}.Release|ARM.Build.0 = Release|Any CPU
		{0ACBBF31-3FFA-480A-8B97-D1EDB3B1070D}.Release|ARM64.ActiveCfg = Release|Any CPU
		{0ACBBF31-3FFA-480A-8B97-D1EDB3B1070D}.Release|ARM64.Build.0 = Release|Any CPU
		{0ACBBF31-3FFA-480A-8B97-D1EDB3B1070D}.Release|x64.ActiveCfg = Release|Any CPU
		{0ACBBF31-3FFA-480A-8B97-D1EDB3B1070D}.Release|x64.Build.0 = Release|Any CPU
		{0ACBBF31-3FFA-480A-8B97-D1EDB3B1070D}.Release|x86.ActiveCfg = Release|Any CPU
		{0ACBBF31-3FFA-480A-8B97-D1EDB3B1070D}.Release|x86.Build.0 = Release|Any CPU
		{25536488-D768-44B0-A9E0-2AF92400E291}.Debug|Any CPU.ActiveCfg = Debug|Any CPU
		{25536488-D768-44B0-A9E0-2AF92400E291}.Debug|Any CPU.Build.0 = Debug|Any CPU
		{25536488-D768-44B0-A9E0-2AF92400E291}.Debug|ARM.ActiveCfg = Debug|Any CPU
		{25536488-D768-44B0-A9E0-2AF92400E291}.Debug|ARM.Build.0 = Debug|Any CPU
		{25536488-D768-44B0-A9E0-2AF92400E291}.Debug|ARM64.ActiveCfg = Debug|Any CPU
		{25536488-D768-44B0-A9E0-2AF92400E291}.Debug|ARM64.Build.0 = Debug|Any CPU
		{25536488-D768-44B0-A9E0-2AF92400E291}.Debug|x64.ActiveCfg = Debug|Any CPU
		{25536488-D768-44B0-A9E0-2AF92400E291}.Debug|x64.Build.0 = Debug|Any CPU
		{25536488-D768-44B0-A9E0-2AF92400E291}.Debug|x86.ActiveCfg = Debug|Any CPU
		{25536488-D768-44B0-A9E0-2AF92400E291}.Debug|x86.Build.0 = Debug|Any CPU
		{25536488-D768-44B0-A9E0-2AF92400E291}.Release|Any CPU.ActiveCfg = Release|Any CPU
		{25536488-D768-44B0-A9E0-2AF92400E291}.Release|Any CPU.Build.0 = Release|Any CPU
		{25536488-D768-44B0-A9E0-2AF92400E291}.Release|ARM.ActiveCfg = Release|Any CPU
		{25536488-D768-44B0-A9E0-2AF92400E291}.Release|ARM.Build.0 = Release|Any CPU
		{25536488-D768-44B0-A9E0-2AF92400E291}.Release|ARM64.ActiveCfg = Release|Any CPU
		{25536488-D768-44B0-A9E0-2AF92400E291}.Release|ARM64.Build.0 = Release|Any CPU
		{25536488-D768-44B0-A9E0-2AF92400E291}.Release|x64.ActiveCfg = Release|Any CPU
		{25536488-D768-44B0-A9E0-2AF92400E291}.Release|x64.Build.0 = Release|Any CPU
		{25536488-D768-44B0-A9E0-2AF92400E291}.Release|x86.ActiveCfg = Release|Any CPU
		{25536488-D768-44B0-A9E0-2AF92400E291}.Release|x86.Build.0 = Release|Any CPU
	EndGlobalSection
	GlobalSection(SolutionProperties) = preSolution
		HideSolutionNode = FALSE
	EndGlobalSection
	GlobalSection(NestedProjects) = preSolution
		{2930BBFF-27E8-449A-A6F4-24642C573178} = {22090651-387D-4E47-BF87-4B854DCE5DB1}
		{A65277DE-2E53-4E19-AE7C-100EDDD3D8B3} = {22090651-387D-4E47-BF87-4B854DCE5DB1}
		{45B6A46A-241E-40BA-9094-FD6477B7A4C7} = {1C348BE5-DAE6-427E-8656-AFE4C04E71FE}
		{4F693D80-51B1-48F6-9752-509D8E2EDD97} = {22090651-387D-4E47-BF87-4B854DCE5DB1}
		{E7BBDEC3-7B24-4BB5-B2CB-A92DD30750A7} = {1C348BE5-DAE6-427E-8656-AFE4C04E71FE}
		{0ACBBF31-3FFA-480A-8B97-D1EDB3B1070D} = {22090651-387D-4E47-BF87-4B854DCE5DB1}
		{25536488-D768-44B0-A9E0-2AF92400E291} = {6C72D24B-11FE-4D55-9999-FF0D5C444447}
	EndGlobalSection
	GlobalSection(ExtensibilityGlobals) = postSolution
		SolutionGuid = {7DB834FE-21C4-4AE7-B612-2D0EB7EF458F}
	EndGlobalSection
EndGlobal
